// !$*UTF8*$!
{
	archiveVersion = 1;
	classes = {
	};
	objectVersion = 50;
	objects = {

/* Begin PBXBuildFile section */
		3A047DE8219EDE5600245EE1 /* 901.cpp in Sources */ = {isa = PBXBuildFile; fileRef = 3A047DE6219EDE5600245EE1 /* 901.cpp */; };
		3A047DEB219EDE6500245EE1 /* golf901.cpp in Sources */ = {isa = PBXBuildFile; fileRef = 3A047DE9219EDE6500245EE1 /* golf901.cpp */; };
		3A24FC1C21BEA7C800EB1EB2 /* LinkedListType01.cpp in Sources */ = {isa = PBXBuildFile; fileRef = 3A24FC1A21BEA7C800EB1EB2 /* LinkedListType01.cpp */; };
		3A24FC1E21BEA7DB00EB1EB2 /* LinkedList01.cpp in Sources */ = {isa = PBXBuildFile; fileRef = 3A24FC1D21BEA7DB00EB1EB2 /* LinkedList01.cpp */; };
		3A2FC6AB21B5837900EEE2FE /* BankAccount1001.cpp in Sources */ = {isa = PBXBuildFile; fileRef = 3A2FC6A921B5837900EEE2FE /* BankAccount1001.cpp */; };
		3A2FC6AD21B5896800EEE2FE /* 1001.cpp in Sources */ = {isa = PBXBuildFile; fileRef = 3A2FC6AC21B5896800EEE2FE /* 1001.cpp */; };
		3A2FC6B121B5975200EEE2FE /* Person1002.cpp in Sources */ = {isa = PBXBuildFile; fileRef = 3A2FC6AF21B5975200EEE2FE /* Person1002.cpp */; };
		3A2FC6B321B59B5400EEE2FE /* 1002.cpp in Sources */ = {isa = PBXBuildFile; fileRef = 3A2FC6B221B59B5400EEE2FE /* 1002.cpp */; };
		3A39D03422033C760036828D /* Vector1102.cpp in Sources */ = {isa = PBXBuildFile; fileRef = 3A39D03222033C760036828D /* Vector1102.cpp */; };
		3A39D03622033C7F0036828D /* 1102.cpp in Sources */ = {isa = PBXBuildFile; fileRef = 3A39D03522033C7F0036828D /* 1102.cpp */; };
		3A4333AB22009BAF00F5A756 /* Vector1101.cpp in Sources */ = {isa = PBXBuildFile; fileRef = 3A4333A922009BAF00F5A756 /* Vector1101.cpp */; };
		3A4333AD22009BBE00F5A756 /* 1101.cpp in Sources */ = {isa = PBXBuildFile; fileRef = 3A4333AC22009BBE00F5A756 /* 1101.cpp */; };
		3A49E85121B7E211004CC9C7 /* Plorg.cpp in Sources */ = {isa = PBXBuildFile; fileRef = 3A49E84F21B7E211004CC9C7 /* Plorg.cpp */; };
		3A49E85321B7E792004CC9C7 /* 1007.cpp in Sources */ = {isa = PBXBuildFile; fileRef = 3A49E85221B7E792004CC9C7 /* 1007.cpp */; };
		3A49E85721B8009A004CC9C7 /* SimpleListA.cpp in Sources */ = {isa = PBXBuildFile; fileRef = 3A49E85521B8009A004CC9C7 /* SimpleListA.cpp */; };
		3A49E85921B809EE004CC9C7 /* 1008a.cpp in Sources */ = {isa = PBXBuildFile; fileRef = 3A49E85821B809EE004CC9C7 /* 1008a.cpp */; };
		3A49E85D21B818AD004CC9C7 /* SimpleListB.cpp in Sources */ = {isa = PBXBuildFile; fileRef = 3A49E85B21B818AD004CC9C7 /* SimpleListB.cpp */; };
		3A49E85F21B82FE2004CC9C7 /* 1008b.cpp in Sources */ = {isa = PBXBuildFile; fileRef = 3A49E85E21B82FE2004CC9C7 /* 1008b.cpp */; };
		3A4E1AB3215E382B00F9AEB3 /* ReadToVector01.cpp in Sources */ = {isa = PBXBuildFile; fileRef = 3A4E1AB1215E382B00F9AEB3 /* ReadToVector01.cpp */; };
		3A5CC580215FDA6200FA308F /* CaesarCipher01.cpp in Sources */ = {isa = PBXBuildFile; fileRef = 3A5CC57E215FDA6200FA308F /* CaesarCipher01.cpp */; };
		3A78C6C4216F840A00549680 /* 707.cpp in Sources */ = {isa = PBXBuildFile; fileRef = 3A78C6C2216F840A00549680 /* 707.cpp */; };
		3A7C1A8721B69579005FA9F3 /* golf1003.cpp in Sources */ = {isa = PBXBuildFile; fileRef = 3A7C1A8521B69579005FA9F3 /* golf1003.cpp */; };
		3A7C1A8921B69CB6005FA9F3 /* 1003.cpp in Sources */ = {isa = PBXBuildFile; fileRef = 3A7C1A8821B69CB6005FA9F3 /* 1003.cpp */; };
		3A7C1A8D21B6AFCD005FA9F3 /* Sales1004.cpp in Sources */ = {isa = PBXBuildFile; fileRef = 3A7C1A8B21B6AFCD005FA9F3 /* Sales1004.cpp */; };
		3A7C1A8F21B6BF36005FA9F3 /* 1004.cpp in Sources */ = {isa = PBXBuildFile; fileRef = 3A7C1A8E21B6BF36005FA9F3 /* 1004.cpp */; };
		3A7C1A9321B6CE0B005FA9F3 /* Stack1005.cpp in Sources */ = {isa = PBXBuildFile; fileRef = 3A7C1A9121B6CE0B005FA9F3 /* Stack1005.cpp */; };
		3A7C1A9621B6CEF6005FA9F3 /* 1005.cpp in Sources */ = {isa = PBXBuildFile; fileRef = 3A7C1A9421B6CEF6005FA9F3 /* 1005.cpp */; };
		3A7C1A9A21B6E480005FA9F3 /* Move1006.cpp in Sources */ = {isa = PBXBuildFile; fileRef = 3A7C1A9821B6E480005FA9F3 /* Move1006.cpp */; };
		3A7C1A9C21B6E6CC005FA9F3 /* 1006.cpp in Sources */ = {isa = PBXBuildFile; fileRef = 3A7C1A9B21B6E6CC005FA9F3 /* 1006.cpp */; };
		3A9C17AF216F8B8100F99D49 /* 708a.cpp in Sources */ = {isa = PBXBuildFile; fileRef = 3A9C17AD216F8B8100F99D49 /* 708a.cpp */; };
		3AAA415D215BB0CB00BBB074 /* 604.cpp in Sources */ = {isa = PBXBuildFile; fileRef = 3AAA415B215BB0CB00BBB074 /* 604.cpp */; };
		3AAA4160215BE02B00BBB074 /* 607.cpp in Sources */ = {isa = PBXBuildFile; fileRef = 3AAA415E215BE02B00BBB074 /* 607.cpp */; };
		3AC393C1216F8DE800723A1B /* 708b.cpp in Sources */ = {isa = PBXBuildFile; fileRef = 3AC393BF216F8DE800723A1B /* 708b.cpp */; };
		3AC393C4216F95B100723A1B /* 709.cpp in Sources */ = {isa = PBXBuildFile; fileRef = 3AC393C2216F95B100723A1B /* 709.cpp */; };
		3AC393C7216FAB5200723A1B /* 710.cpp in Sources */ = {isa = PBXBuildFile; fileRef = 3AC393C5216FAB5200723A1B /* 710.cpp */; };
		3AD1F351215A81F0004CFE88 /* 601.cpp in Sources */ = {isa = PBXBuildFile; fileRef = 3AD1F34F215A81F0004CFE88 /* 601.cpp */; };
		3AD3ED9620EBD8F3008D28BF /* main.cpp in Sources */ = {isa = PBXBuildFile; fileRef = 3AD3ED9520EBD8F3008D28BF /* main.cpp */; };
		3AD6B00E21A2F8F500A344EA /* 902.cpp in Sources */ = {isa = PBXBuildFile; fileRef = 3AD6B00C21A2F8F500A344EA /* 902.cpp */; };
		3AD6B01121A2FDA500A344EA /* 903.cpp in Sources */ = {isa = PBXBuildFile; fileRef = 3AD6B00F21A2FDA500A344EA /* 903.cpp */; };
		3AD6B01621A30EE800A344EA /* Sales904.cpp in Sources */ = {isa = PBXBuildFile; fileRef = 3AD6B01421A30EE800A344EA /* Sales904.cpp */; };
		3AD6B01821A30EF500A344EA /* 904.cpp in Sources */ = {isa = PBXBuildFile; fileRef = 3AD6B01721A30EF500A344EA /* 904.cpp */; };
		3AF25BCC216E23E10044A953 /* 701.cpp in Sources */ = {isa = PBXBuildFile; fileRef = 3AF25BCA216E23E10044A953 /* 701.cpp */; };
		3AF25BCF216E28C50044A953 /* 702.cpp in Sources */ = {isa = PBXBuildFile; fileRef = 3AF25BCD216E28C50044A953 /* 702.cpp */; };
		3AF25BD2216E35C60044A953 /* 703.cpp in Sources */ = {isa = PBXBuildFile; fileRef = 3AF25BD0216E35C60044A953 /* 703.cpp */; };
		3AF25BD5216E41150044A953 /* 704.cpp in Sources */ = {isa = PBXBuildFile; fileRef = 3AF25BD3216E41150044A953 /* 704.cpp */; };
		3AF25BD8216E48F10044A953 /* 705.cpp in Sources */ = {isa = PBXBuildFile; fileRef = 3AF25BD6216E48F10044A953 /* 705.cpp */; };
		3AF25BDB216E56AF0044A953 /* 706.cpp in Sources */ = {isa = PBXBuildFile; fileRef = 3AF25BD9216E56AF0044A953 /* 706.cpp */; };
		3AF5FDD0218897CD009EDC30 /* 801.cpp in Sources */ = {isa = PBXBuildFile; fileRef = 3AF5FDCE218897CD009EDC30 /* 801.cpp */; };
		3AF5FDD321889D30009EDC30 /* 802.cpp in Sources */ = {isa = PBXBuildFile; fileRef = 3AF5FDD121889D30009EDC30 /* 802.cpp */; };
		3AF5FDD62188A237009EDC30 /* 803.cpp in Sources */ = {isa = PBXBuildFile; fileRef = 3AF5FDD42188A237009EDC30 /* 803.cpp */; };
		3AF5FDD92188AA9A009EDC30 /* 804.cpp in Sources */ = {isa = PBXBuildFile; fileRef = 3AF5FDD72188AA9A009EDC30 /* 804.cpp */; };
		3AF5FDDC2188B3AC009EDC30 /* 805.cpp in Sources */ = {isa = PBXBuildFile; fileRef = 3AF5FDDA2188B3AC009EDC30 /* 805.cpp */; };
		3AF5FDDF2188B6B7009EDC30 /* 806.cpp in Sources */ = {isa = PBXBuildFile; fileRef = 3AF5FDDD2188B6B7009EDC30 /* 806.cpp */; };
		3AF5FDE22188BD10009EDC30 /* 807.cpp in Sources */ = {isa = PBXBuildFile; fileRef = 3AF5FDE02188BD10009EDC30 /* 807.cpp */; };
/* End PBXBuildFile section */

/* Begin PBXCopyFilesBuildPhase section */
		3AD3ED9020EBD8F3008D28BF /* CopyFiles */ = {
			isa = PBXCopyFilesBuildPhase;
			buildActionMask = 2147483647;
			dstPath = /usr/share/man/man1/;
			dstSubfolderSpec = 0;
			files = (
			);
			runOnlyForDeploymentPostprocessing = 1;
		};
/* End PBXCopyFilesBuildPhase section */

/* Begin PBXFileReference section */
		3A047DE6219EDE5600245EE1 /* 901.cpp */ = {isa = PBXFileReference; lastKnownFileType = sourcecode.cpp.cpp; path = 901.cpp; sourceTree = "<group>"; };
		3A047DE9219EDE6500245EE1 /* golf901.cpp */ = {isa = PBXFileReference; lastKnownFileType = sourcecode.cpp.cpp; path = golf901.cpp; sourceTree = "<group>"; };
		3A047DEA219EDE6500245EE1 /* golf901.hpp */ = {isa = PBXFileReference; lastKnownFileType = sourcecode.cpp.h; path = golf901.hpp; sourceTree = "<group>"; };
		3A24FC1A21BEA7C800EB1EB2 /* LinkedListType01.cpp */ = {isa = PBXFileReference; lastKnownFileType = sourcecode.cpp.cpp; path = LinkedListType01.cpp; sourceTree = "<group>"; };
		3A24FC1B21BEA7C800EB1EB2 /* LinkedListType01.hpp */ = {isa = PBXFileReference; lastKnownFileType = sourcecode.cpp.h; path = LinkedListType01.hpp; sourceTree = "<group>"; };
		3A24FC1D21BEA7DB00EB1EB2 /* LinkedList01.cpp */ = {isa = PBXFileReference; lastKnownFileType = sourcecode.cpp.cpp; path = LinkedList01.cpp; sourceTree = "<group>"; };
		3A2FC6A921B5837900EEE2FE /* BankAccount1001.cpp */ = {isa = PBXFileReference; lastKnownFileType = sourcecode.cpp.cpp; path = BankAccount1001.cpp; sourceTree = "<group>"; };
		3A2FC6AA21B5837900EEE2FE /* BankAccount1001.hpp */ = {isa = PBXFileReference; lastKnownFileType = sourcecode.cpp.h; path = BankAccount1001.hpp; sourceTree = "<group>"; };
		3A2FC6AC21B5896800EEE2FE /* 1001.cpp */ = {isa = PBXFileReference; lastKnownFileType = sourcecode.cpp.cpp; path = 1001.cpp; sourceTree = "<group>"; };
		3A2FC6AF21B5975200EEE2FE /* Person1002.cpp */ = {isa = PBXFileReference; lastKnownFileType = sourcecode.cpp.cpp; path = Person1002.cpp; sourceTree = "<group>"; };
		3A2FC6B021B5975200EEE2FE /* Person1002.hpp */ = {isa = PBXFileReference; lastKnownFileType = sourcecode.cpp.h; path = Person1002.hpp; sourceTree = "<group>"; };
		3A2FC6B221B59B5400EEE2FE /* 1002.cpp */ = {isa = PBXFileReference; lastKnownFileType = sourcecode.cpp.cpp; path = 1002.cpp; sourceTree = "<group>"; };
		3A39D03222033C760036828D /* Vector1102.cpp */ = {isa = PBXFileReference; lastKnownFileType = sourcecode.cpp.cpp; path = Vector1102.cpp; sourceTree = "<group>"; };
		3A39D03322033C760036828D /* Vector1102.hpp */ = {isa = PBXFileReference; lastKnownFileType = sourcecode.cpp.h; path = Vector1102.hpp; sourceTree = "<group>"; };
		3A39D03522033C7F0036828D /* 1102.cpp */ = {isa = PBXFileReference; lastKnownFileType = sourcecode.cpp.cpp; path = 1102.cpp; sourceTree = "<group>"; };
		3A4333A922009BAF00F5A756 /* Vector1101.cpp */ = {isa = PBXFileReference; lastKnownFileType = sourcecode.cpp.cpp; path = Vector1101.cpp; sourceTree = "<group>"; };
		3A4333AA22009BAF00F5A756 /* Vector1101.hpp */ = {isa = PBXFileReference; lastKnownFileType = sourcecode.cpp.h; path = Vector1101.hpp; sourceTree = "<group>"; };
		3A4333AC22009BBE00F5A756 /* 1101.cpp */ = {isa = PBXFileReference; lastKnownFileType = sourcecode.cpp.cpp; path = 1101.cpp; sourceTree = "<group>"; };
		3A49E84F21B7E211004CC9C7 /* Plorg.cpp */ = {isa = PBXFileReference; lastKnownFileType = sourcecode.cpp.cpp; path = Plorg.cpp; sourceTree = "<group>"; };
		3A49E85021B7E211004CC9C7 /* Plorg.hpp */ = {isa = PBXFileReference; lastKnownFileType = sourcecode.cpp.h; path = Plorg.hpp; sourceTree = "<group>"; };
		3A49E85221B7E792004CC9C7 /* 1007.cpp */ = {isa = PBXFileReference; lastKnownFileType = sourcecode.cpp.cpp; path = 1007.cpp; sourceTree = "<group>"; };
		3A49E85521B8009A004CC9C7 /* SimpleListA.cpp */ = {isa = PBXFileReference; lastKnownFileType = sourcecode.cpp.cpp; path = SimpleListA.cpp; sourceTree = "<group>"; };
		3A49E85621B8009A004CC9C7 /* SimpleListA.hpp */ = {isa = PBXFileReference; lastKnownFileType = sourcecode.cpp.h; path = SimpleListA.hpp; sourceTree = "<group>"; };
		3A49E85821B809EE004CC9C7 /* 1008a.cpp */ = {isa = PBXFileReference; lastKnownFileType = sourcecode.cpp.cpp; path = 1008a.cpp; sourceTree = "<group>"; };
		3A49E85B21B818AD004CC9C7 /* SimpleListB.cpp */ = {isa = PBXFileReference; lastKnownFileType = sourcecode.cpp.cpp; path = SimpleListB.cpp; sourceTree = "<group>"; };
		3A49E85C21B818AD004CC9C7 /* SimpleListB.hpp */ = {isa = PBXFileReference; lastKnownFileType = sourcecode.cpp.h; path = SimpleListB.hpp; sourceTree = "<group>"; };
		3A49E85E21B82FE2004CC9C7 /* 1008b.cpp */ = {isa = PBXFileReference; lastKnownFileType = sourcecode.cpp.cpp; path = 1008b.cpp; sourceTree = "<group>"; };
		3A4E1AB1215E382B00F9AEB3 /* ReadToVector01.cpp */ = {isa = PBXFileReference; lastKnownFileType = sourcecode.cpp.cpp; path = ReadToVector01.cpp; sourceTree = "<group>"; };
		3A5CC57E215FDA6200FA308F /* CaesarCipher01.cpp */ = {isa = PBXFileReference; lastKnownFileType = sourcecode.cpp.cpp; path = CaesarCipher01.cpp; sourceTree = "<group>"; };
		3A65668B21592D9300ACDA13 /* README.md */ = {isa = PBXFileReference; lastKnownFileType = net.daringfireball.markdown; path = README.md; sourceTree = "<group>"; };
		3A78C6C2216F840A00549680 /* 707.cpp */ = {isa = PBXFileReference; lastKnownFileType = sourcecode.cpp.cpp; path = 707.cpp; sourceTree = "<group>"; };
		3A7C1A8521B69579005FA9F3 /* golf1003.cpp */ = {isa = PBXFileReference; lastKnownFileType = sourcecode.cpp.cpp; path = golf1003.cpp; sourceTree = "<group>"; };
		3A7C1A8621B69579005FA9F3 /* golf1003.hpp */ = {isa = PBXFileReference; lastKnownFileType = sourcecode.cpp.h; path = golf1003.hpp; sourceTree = "<group>"; };
		3A7C1A8821B69CB6005FA9F3 /* 1003.cpp */ = {isa = PBXFileReference; lastKnownFileType = sourcecode.cpp.cpp; path = 1003.cpp; sourceTree = "<group>"; };
		3A7C1A8B21B6AFCD005FA9F3 /* Sales1004.cpp */ = {isa = PBXFileReference; lastKnownFileType = sourcecode.cpp.cpp; path = Sales1004.cpp; sourceTree = "<group>"; };
		3A7C1A8C21B6AFCD005FA9F3 /* Sales1004.hpp */ = {isa = PBXFileReference; lastKnownFileType = sourcecode.cpp.h; path = Sales1004.hpp; sourceTree = "<group>"; };
		3A7C1A8E21B6BF36005FA9F3 /* 1004.cpp */ = {isa = PBXFileReference; lastKnownFileType = sourcecode.cpp.cpp; path = 1004.cpp; sourceTree = "<group>"; };
		3A7C1A9121B6CE0B005FA9F3 /* Stack1005.cpp */ = {isa = PBXFileReference; lastKnownFileType = sourcecode.cpp.cpp; path = Stack1005.cpp; sourceTree = "<group>"; };
		3A7C1A9221B6CE0B005FA9F3 /* Stack1005.hpp */ = {isa = PBXFileReference; lastKnownFileType = sourcecode.cpp.h; path = Stack1005.hpp; sourceTree = "<group>"; };
		3A7C1A9421B6CEF6005FA9F3 /* 1005.cpp */ = {isa = PBXFileReference; lastKnownFileType = sourcecode.cpp.cpp; path = 1005.cpp; sourceTree = "<group>"; };
		3A7C1A9521B6CEF6005FA9F3 /* 1005.hpp */ = {isa = PBXFileReference; lastKnownFileType = sourcecode.cpp.h; path = 1005.hpp; sourceTree = "<group>"; };
		3A7C1A9821B6E480005FA9F3 /* Move1006.cpp */ = {isa = PBXFileReference; lastKnownFileType = sourcecode.cpp.cpp; path = Move1006.cpp; sourceTree = "<group>"; };
		3A7C1A9921B6E480005FA9F3 /* Move1006.hpp */ = {isa = PBXFileReference; lastKnownFileType = sourcecode.cpp.h; path = Move1006.hpp; sourceTree = "<group>"; };
		3A7C1A9B21B6E6CC005FA9F3 /* 1006.cpp */ = {isa = PBXFileReference; lastKnownFileType = sourcecode.cpp.cpp; path = 1006.cpp; sourceTree = "<group>"; };
		3A9C17AD216F8B8100F99D49 /* 708a.cpp */ = {isa = PBXFileReference; lastKnownFileType = sourcecode.cpp.cpp; path = 708a.cpp; sourceTree = "<group>"; };
		3AAA415B215BB0CB00BBB074 /* 604.cpp */ = {isa = PBXFileReference; lastKnownFileType = sourcecode.cpp.cpp; path = 604.cpp; sourceTree = "<group>"; };
		3AAA415E215BE02B00BBB074 /* 607.cpp */ = {isa = PBXFileReference; lastKnownFileType = sourcecode.cpp.cpp; path = 607.cpp; sourceTree = "<group>"; };
		3AC393BF216F8DE800723A1B /* 708b.cpp */ = {isa = PBXFileReference; lastKnownFileType = sourcecode.cpp.cpp; path = 708b.cpp; sourceTree = "<group>"; };
		3AC393C2216F95B100723A1B /* 709.cpp */ = {isa = PBXFileReference; lastKnownFileType = sourcecode.cpp.cpp; path = 709.cpp; sourceTree = "<group>"; };
		3AC393C5216FAB5200723A1B /* 710.cpp */ = {isa = PBXFileReference; lastKnownFileType = sourcecode.cpp.cpp; path = 710.cpp; sourceTree = "<group>"; };
		3AD1F34F215A81F0004CFE88 /* 601.cpp */ = {isa = PBXFileReference; lastKnownFileType = sourcecode.cpp.cpp; path = 601.cpp; sourceTree = "<group>"; };
		3AD3ED9220EBD8F3008D28BF /* C++ Primer Plus Exercises */ = {isa = PBXFileReference; explicitFileType = "compiled.mach-o.executable"; includeInIndex = 0; path = "C++ Primer Plus Exercises"; sourceTree = BUILT_PRODUCTS_DIR; };
		3AD3ED9520EBD8F3008D28BF /* main.cpp */ = {isa = PBXFileReference; lastKnownFileType = sourcecode.cpp.cpp; path = main.cpp; sourceTree = "<group>"; };
		3AD6B00C21A2F8F500A344EA /* 902.cpp */ = {isa = PBXFileReference; lastKnownFileType = sourcecode.cpp.cpp; path = 902.cpp; sourceTree = "<group>"; };
		3AD6B00F21A2FDA500A344EA /* 903.cpp */ = {isa = PBXFileReference; lastKnownFileType = sourcecode.cpp.cpp; path = 903.cpp; sourceTree = "<group>"; };
		3AD6B01221A2FE2D00A344EA /* Contents.hpp */ = {isa = PBXFileReference; lastKnownFileType = sourcecode.cpp.h; path = Contents.hpp; sourceTree = "<group>"; };
		3AD6B01421A30EE800A344EA /* Sales904.cpp */ = {isa = PBXFileReference; lastKnownFileType = sourcecode.cpp.cpp; path = Sales904.cpp; sourceTree = "<group>"; };
		3AD6B01521A30EE800A344EA /* Sales904.hpp */ = {isa = PBXFileReference; lastKnownFileType = sourcecode.cpp.h; path = Sales904.hpp; sourceTree = "<group>"; };
		3AD6B01721A30EF500A344EA /* 904.cpp */ = {isa = PBXFileReference; lastKnownFileType = sourcecode.cpp.cpp; path = 904.cpp; sourceTree = "<group>"; };
		3AF25BCA216E23E10044A953 /* 701.cpp */ = {isa = PBXFileReference; lastKnownFileType = sourcecode.cpp.cpp; path = 701.cpp; sourceTree = "<group>"; };
		3AF25BCD216E28C50044A953 /* 702.cpp */ = {isa = PBXFileReference; lastKnownFileType = sourcecode.cpp.cpp; path = 702.cpp; sourceTree = "<group>"; };
		3AF25BD0216E35C60044A953 /* 703.cpp */ = {isa = PBXFileReference; lastKnownFileType = sourcecode.cpp.cpp; path = 703.cpp; sourceTree = "<group>"; };
		3AF25BD3216E41150044A953 /* 704.cpp */ = {isa = PBXFileReference; lastKnownFileType = sourcecode.cpp.cpp; path = 704.cpp; sourceTree = "<group>"; };
		3AF25BD6216E48F10044A953 /* 705.cpp */ = {isa = PBXFileReference; lastKnownFileType = sourcecode.cpp.cpp; path = 705.cpp; sourceTree = "<group>"; };
		3AF25BD9216E56AF0044A953 /* 706.cpp */ = {isa = PBXFileReference; lastKnownFileType = sourcecode.cpp.cpp; path = 706.cpp; sourceTree = "<group>"; };
		3AF5FDCE218897CD009EDC30 /* 801.cpp */ = {isa = PBXFileReference; lastKnownFileType = sourcecode.cpp.cpp; path = 801.cpp; sourceTree = "<group>"; };
		3AF5FDD121889D30009EDC30 /* 802.cpp */ = {isa = PBXFileReference; lastKnownFileType = sourcecode.cpp.cpp; path = 802.cpp; sourceTree = "<group>"; };
		3AF5FDD42188A237009EDC30 /* 803.cpp */ = {isa = PBXFileReference; lastKnownFileType = sourcecode.cpp.cpp; path = 803.cpp; sourceTree = "<group>"; };
		3AF5FDD72188AA9A009EDC30 /* 804.cpp */ = {isa = PBXFileReference; lastKnownFileType = sourcecode.cpp.cpp; path = 804.cpp; sourceTree = "<group>"; };
		3AF5FDDA2188B3AC009EDC30 /* 805.cpp */ = {isa = PBXFileReference; lastKnownFileType = sourcecode.cpp.cpp; path = 805.cpp; sourceTree = "<group>"; };
		3AF5FDDD2188B6B7009EDC30 /* 806.cpp */ = {isa = PBXFileReference; lastKnownFileType = sourcecode.cpp.cpp; path = 806.cpp; sourceTree = "<group>"; };
		3AF5FDE02188BD10009EDC30 /* 807.cpp */ = {isa = PBXFileReference; lastKnownFileType = sourcecode.cpp.cpp; path = 807.cpp; sourceTree = "<group>"; };
/* End PBXFileReference section */

/* Begin PBXFrameworksBuildPhase section */
		3AD3ED8F20EBD8F3008D28BF /* Frameworks */ = {
			isa = PBXFrameworksBuildPhase;
			buildActionMask = 2147483647;
			files = (
			);
			runOnlyForDeploymentPostprocessing = 0;
		};
/* End PBXFrameworksBuildPhase section */

/* Begin PBXGroup section */
		3A047DE4219EDE2F00245EE1 /* Chapter 09 */ = {
			isa = PBXGroup;
			children = (
				3A047DE5219EDE3D00245EE1 /* 901 */,
				3AD6B00C21A2F8F500A344EA /* 902.cpp */,
				3AD6B00F21A2FDA500A344EA /* 903.cpp */,
				3AD6B01321A30A0200A344EA /* 904 */,
			);
			path = "Chapter 09";
			sourceTree = "<group>";
		};
		3A047DE5219EDE3D00245EE1 /* 901 */ = {
			isa = PBXGroup;
			children = (
				3A047DE6219EDE5600245EE1 /* 901.cpp */,
				3A047DE9219EDE6500245EE1 /* golf901.cpp */,
				3A047DEA219EDE6500245EE1 /* golf901.hpp */,
			);
			path = 901;
			sourceTree = "<group>";
		};
		3A24FC1821BEA76B00EB1EB2 /* Data Structures */ = {
			isa = PBXGroup;
			children = (
				3A24FC1921BEA78700EB1EB2 /* LinkedList01 */,
			);
			path = "Data Structures";
			sourceTree = "<group>";
		};
		3A24FC1921BEA78700EB1EB2 /* LinkedList01 */ = {
			isa = PBXGroup;
			children = (
				3A24FC1A21BEA7C800EB1EB2 /* LinkedListType01.cpp */,
				3A24FC1B21BEA7C800EB1EB2 /* LinkedListType01.hpp */,
				3A24FC1D21BEA7DB00EB1EB2 /* LinkedList01.cpp */,
			);
			path = LinkedList01;
			sourceTree = "<group>";
		};
		3A2FC6A721B5833200EEE2FE /* Chapter 10 */ = {
			isa = PBXGroup;
			children = (
				3A2FC6A821B5834500EEE2FE /* 1001 */,
				3A2FC6AE21B5970C00EEE2FE /* 1002 */,
				3A7C1A8421B6955F005FA9F3 /* 1003 */,
				3A7C1A8A21B6A1F2005FA9F3 /* 1004 */,
				3A7C1A9021B6CDE4005FA9F3 /* 1005 */,
				3A7C1A9721B6E468005FA9F3 /* 1006 */,
				3A49E84E21B7E1FB004CC9C7 /* 1007 */,
				3A49E85421B80072004CC9C7 /* 1008a */,
				3A49E85A21B81387004CC9C7 /* 1008b */,
			);
			path = "Chapter 10";
			sourceTree = "<group>";
		};
		3A2FC6A821B5834500EEE2FE /* 1001 */ = {
			isa = PBXGroup;
			children = (
				3A2FC6A921B5837900EEE2FE /* BankAccount1001.cpp */,
				3A2FC6AA21B5837900EEE2FE /* BankAccount1001.hpp */,
				3A2FC6AC21B5896800EEE2FE /* 1001.cpp */,
			);
			path = 1001;
			sourceTree = "<group>";
		};
		3A2FC6AE21B5970C00EEE2FE /* 1002 */ = {
			isa = PBXGroup;
			children = (
				3A2FC6AF21B5975200EEE2FE /* Person1002.cpp */,
				3A2FC6B021B5975200EEE2FE /* Person1002.hpp */,
				3A2FC6B221B59B5400EEE2FE /* 1002.cpp */,
			);
			path = 1002;
			sourceTree = "<group>";
		};
		3A39D03122033C430036828D /* 1102 */ = {
			isa = PBXGroup;
			children = (
				3A39D03222033C760036828D /* Vector1102.cpp */,
				3A39D03322033C760036828D /* Vector1102.hpp */,
				3A39D03522033C7F0036828D /* 1102.cpp */,
			);
			path = 1102;
			sourceTree = "<group>";
		};
		3A4333A722009B8400F5A756 /* Chapter 11 */ = {
			isa = PBXGroup;
			children = (
				3A4333A822009B9500F5A756 /* 1101 */,
				3A39D03122033C430036828D /* 1102 */,
			);
			path = "Chapter 11";
			sourceTree = "<group>";
		};
		3A4333A822009B9500F5A756 /* 1101 */ = {
			isa = PBXGroup;
			children = (
				3A4333A922009BAF00F5A756 /* Vector1101.cpp */,
				3A4333AA22009BAF00F5A756 /* Vector1101.hpp */,
				3A4333AC22009BBE00F5A756 /* 1101.cpp */,
			);
			path = 1101;
			sourceTree = "<group>";
		};
		3A49E84E21B7E1FB004CC9C7 /* 1007 */ = {
			isa = PBXGroup;
			children = (
				3A49E84F21B7E211004CC9C7 /* Plorg.cpp */,
				3A49E85021B7E211004CC9C7 /* Plorg.hpp */,
				3A49E85221B7E792004CC9C7 /* 1007.cpp */,
			);
			path = 1007;
			sourceTree = "<group>";
		};
		3A49E85421B80072004CC9C7 /* 1008a */ = {
			isa = PBXGroup;
			children = (
				3A49E85521B8009A004CC9C7 /* SimpleListA.cpp */,
				3A49E85621B8009A004CC9C7 /* SimpleListA.hpp */,
				3A49E85821B809EE004CC9C7 /* 1008a.cpp */,
			);
			path = 1008a;
			sourceTree = "<group>";
		};
		3A49E85A21B81387004CC9C7 /* 1008b */ = {
			isa = PBXGroup;
			children = (
				3A49E85B21B818AD004CC9C7 /* SimpleListB.cpp */,
				3A49E85C21B818AD004CC9C7 /* SimpleListB.hpp */,
				3A49E85E21B82FE2004CC9C7 /* 1008b.cpp */,
			);
			path = 1008b;
			sourceTree = "<group>";
		};
		3A68487C215126EB004C5F68 /* Experiments */ = {
			isa = PBXGroup;
			children = (
				3A4E1AB1215E382B00F9AEB3 /* ReadToVector01.cpp */,
				3A5CC57E215FDA6200FA308F /* CaesarCipher01.cpp */,
			);
			path = Experiments;
			sourceTree = "<group>";
		};
		3A7C1A8421B6955F005FA9F3 /* 1003 */ = {
			isa = PBXGroup;
			children = (
				3A7C1A8521B69579005FA9F3 /* golf1003.cpp */,
				3A7C1A8621B69579005FA9F3 /* golf1003.hpp */,
				3A7C1A8821B69CB6005FA9F3 /* 1003.cpp */,
			);
			path = 1003;
			sourceTree = "<group>";
		};
		3A7C1A8A21B6A1F2005FA9F3 /* 1004 */ = {
			isa = PBXGroup;
			children = (
				3A7C1A8B21B6AFCD005FA9F3 /* Sales1004.cpp */,
				3A7C1A8C21B6AFCD005FA9F3 /* Sales1004.hpp */,
				3A7C1A8E21B6BF36005FA9F3 /* 1004.cpp */,
			);
			path = 1004;
			sourceTree = "<group>";
		};
		3A7C1A9021B6CDE4005FA9F3 /* 1005 */ = {
			isa = PBXGroup;
			children = (
				3A7C1A9121B6CE0B005FA9F3 /* Stack1005.cpp */,
				3A7C1A9221B6CE0B005FA9F3 /* Stack1005.hpp */,
				3A7C1A9421B6CEF6005FA9F3 /* 1005.cpp */,
				3A7C1A9521B6CEF6005FA9F3 /* 1005.hpp */,
			);
			path = 1005;
			sourceTree = "<group>";
		};
		3A7C1A9721B6E468005FA9F3 /* 1006 */ = {
			isa = PBXGroup;
			children = (
				3A7C1A9821B6E480005FA9F3 /* Move1006.cpp */,
				3A7C1A9921B6E480005FA9F3 /* Move1006.hpp */,
				3A7C1A9B21B6E6CC005FA9F3 /* 1006.cpp */,
			);
			path = 1006;
			sourceTree = "<group>";
		};
		3AD3ED8920EBD8F3008D28BF = {
			isa = PBXGroup;
			children = (
				3A65668B21592D9300ACDA13 /* README.md */,
				3AD3ED9420EBD8F3008D28BF /* C++ Primer Plus Exercises */,
				3AD3ED9320EBD8F3008D28BF /* Products */,
			);
			sourceTree = "<group>";
		};
		3AD3ED9320EBD8F3008D28BF /* Products */ = {
			isa = PBXGroup;
			children = (
				3AD3ED9220EBD8F3008D28BF /* C++ Primer Plus Exercises */,
			);
			name = Products;
			sourceTree = "<group>";
		};
		3AD3ED9420EBD8F3008D28BF /* C++ Primer Plus Exercises */ = {
			isa = PBXGroup;
			children = (
				3AF25BC8216E23AE0044A953 /* Chapter 06 */,
				3AF25BC9216E23B80044A953 /* Chapter 07 */,
				3AF5FDCD21889652009EDC30 /* Chapter 08 */,
				3A047DE4219EDE2F00245EE1 /* Chapter 09 */,
				3A2FC6A721B5833200EEE2FE /* Chapter 10 */,
				3A4333A722009B8400F5A756 /* Chapter 11 */,
				3A68487C215126EB004C5F68 /* Experiments */,
				3A24FC1821BEA76B00EB1EB2 /* Data Structures */,
				3AD3ED9520EBD8F3008D28BF /* main.cpp */,
				3AD6B01221A2FE2D00A344EA /* Contents.hpp */,
			);
			path = "C++ Primer Plus Exercises";
			sourceTree = "<group>";
		};
		3AD6B01321A30A0200A344EA /* 904 */ = {
			isa = PBXGroup;
			children = (
				3AD6B01721A30EF500A344EA /* 904.cpp */,
				3AD6B01421A30EE800A344EA /* Sales904.cpp */,
				3AD6B01521A30EE800A344EA /* Sales904.hpp */,
			);
			path = 904;
			sourceTree = "<group>";
		};
		3AF25BC8216E23AE0044A953 /* Chapter 06 */ = {
			isa = PBXGroup;
			children = (
				3AD1F34F215A81F0004CFE88 /* 601.cpp */,
				3AAA415B215BB0CB00BBB074 /* 604.cpp */,
				3AAA415E215BE02B00BBB074 /* 607.cpp */,
			);
			path = "Chapter 06";
			sourceTree = "<group>";
		};
		3AF25BC9216E23B80044A953 /* Chapter 07 */ = {
			isa = PBXGroup;
			children = (
				3AF25BCA216E23E10044A953 /* 701.cpp */,
				3AF25BCD216E28C50044A953 /* 702.cpp */,
				3AF25BD0216E35C60044A953 /* 703.cpp */,
				3AF25BD3216E41150044A953 /* 704.cpp */,
				3AF25BD6216E48F10044A953 /* 705.cpp */,
				3AF25BD9216E56AF0044A953 /* 706.cpp */,
				3A78C6C2216F840A00549680 /* 707.cpp */,
				3A9C17AD216F8B8100F99D49 /* 708a.cpp */,
				3AC393BF216F8DE800723A1B /* 708b.cpp */,
				3AC393C2216F95B100723A1B /* 709.cpp */,
				3AC393C5216FAB5200723A1B /* 710.cpp */,
			);
			path = "Chapter 07";
			sourceTree = "<group>";
		};
		3AF5FDCD21889652009EDC30 /* Chapter 08 */ = {
			isa = PBXGroup;
			children = (
				3AF5FDCE218897CD009EDC30 /* 801.cpp */,
				3AF5FDD121889D30009EDC30 /* 802.cpp */,
				3AF5FDD42188A237009EDC30 /* 803.cpp */,
				3AF5FDD72188AA9A009EDC30 /* 804.cpp */,
				3AF5FDDA2188B3AC009EDC30 /* 805.cpp */,
				3AF5FDDD2188B6B7009EDC30 /* 806.cpp */,
				3AF5FDE02188BD10009EDC30 /* 807.cpp */,
			);
			path = "Chapter 08";
			sourceTree = "<group>";
		};
/* End PBXGroup section */

/* Begin PBXNativeTarget section */
		3AD3ED9120EBD8F3008D28BF /* C++ Primer Plus Exercises */ = {
			isa = PBXNativeTarget;
			buildConfigurationList = 3AD3ED9920EBD8F3008D28BF /* Build configuration list for PBXNativeTarget "C++ Primer Plus Exercises" */;
			buildPhases = (
				3AD3ED8E20EBD8F3008D28BF /* Sources */,
				3AD3ED8F20EBD8F3008D28BF /* Frameworks */,
				3AD3ED9020EBD8F3008D28BF /* CopyFiles */,
			);
			buildRules = (
			);
			dependencies = (
			);
			name = "C++ Primer Plus Exercises";
			productName = "C++ Primer Plus Exercises";
			productReference = 3AD3ED9220EBD8F3008D28BF /* C++ Primer Plus Exercises */;
			productType = "com.apple.product-type.tool";
		};
/* End PBXNativeTarget section */

/* Begin PBXProject section */
		3AD3ED8A20EBD8F3008D28BF /* Project object */ = {
			isa = PBXProject;
			attributes = {
				LastUpgradeCheck = 0940;
				ORGANIZATIONNAME = Anthony;
				TargetAttributes = {
					3AD3ED9120EBD8F3008D28BF = {
						CreatedOnToolsVersion = 9.4.1;
					};
				};
			};
			buildConfigurationList = 3AD3ED8D20EBD8F3008D28BF /* Build configuration list for PBXProject "C++ Primer Plus Exercises" */;
			compatibilityVersion = "Xcode 9.3";
			developmentRegion = en;
			hasScannedForEncodings = 0;
			knownRegions = (
				en,
			);
			mainGroup = 3AD3ED8920EBD8F3008D28BF;
			productRefGroup = 3AD3ED9320EBD8F3008D28BF /* Products */;
			projectDirPath = "";
			projectRoot = "";
			targets = (
				3AD3ED9120EBD8F3008D28BF /* C++ Primer Plus Exercises */,
			);
		};
/* End PBXProject section */

/* Begin PBXSourcesBuildPhase section */
		3AD3ED8E20EBD8F3008D28BF /* Sources */ = {
			isa = PBXSourcesBuildPhase;
			buildActionMask = 2147483647;
			files = (
				3AF5FDDC2188B3AC009EDC30 /* 805.cpp in Sources */,
				3AF25BD5216E41150044A953 /* 704.cpp in Sources */,
				3AD6B01621A30EE800A344EA /* Sales904.cpp in Sources */,
				3A24FC1E21BEA7DB00EB1EB2 /* LinkedList01.cpp in Sources */,
				3A24FC1C21BEA7C800EB1EB2 /* LinkedListType01.cpp in Sources */,
				3AF5FDDF2188B6B7009EDC30 /* 806.cpp in Sources */,
				3AF5FDD0218897CD009EDC30 /* 801.cpp in Sources */,
				3AAA415D215BB0CB00BBB074 /* 604.cpp in Sources */,
				3A4333AB22009BAF00F5A756 /* Vector1101.cpp in Sources */,
				3A2FC6B321B59B5400EEE2FE /* 1002.cpp in Sources */,
				3AF5FDD321889D30009EDC30 /* 802.cpp in Sources */,
				3A49E85121B7E211004CC9C7 /* Plorg.cpp in Sources */,
				3A39D03422033C760036828D /* Vector1102.cpp in Sources */,
				3AF25BDB216E56AF0044A953 /* 706.cpp in Sources */,
				3A49E85721B8009A004CC9C7 /* SimpleListA.cpp in Sources */,
				3A7C1A9A21B6E480005FA9F3 /* Move1006.cpp in Sources */,
				3A7C1A8921B69CB6005FA9F3 /* 1003.cpp in Sources */,
				3A4333AD22009BBE00F5A756 /* 1101.cpp in Sources */,
				3A7C1A8D21B6AFCD005FA9F3 /* Sales1004.cpp in Sources */,
				3A49E85321B7E792004CC9C7 /* 1007.cpp in Sources */,
				3A047DE8219EDE5600245EE1 /* 901.cpp in Sources */,
				3AD6B01821A30EF500A344EA /* 904.cpp in Sources */,
				3A49E85D21B818AD004CC9C7 /* SimpleListB.cpp in Sources */,
				3AD3ED9620EBD8F3008D28BF /* main.cpp in Sources */,
				3A49E85921B809EE004CC9C7 /* 1008a.cpp in Sources */,
				3AF5FDD92188AA9A009EDC30 /* 804.cpp in Sources */,
				3AC393C4216F95B100723A1B /* 709.cpp in Sources */,
				3A39D03622033C7F0036828D /* 1102.cpp in Sources */,
				3A4E1AB3215E382B00F9AEB3 /* ReadToVector01.cpp in Sources */,
				3AD6B00E21A2F8F500A344EA /* 902.cpp in Sources */,
				3AF25BCF216E28C50044A953 /* 702.cpp in Sources */,
				3A047DEB219EDE6500245EE1 /* golf901.cpp in Sources */,
				3AC393C7216FAB5200723A1B /* 710.cpp in Sources */,
				3A78C6C4216F840A00549680 /* 707.cpp in Sources */,
				3AF5FDD62188A237009EDC30 /* 803.cpp in Sources */,
				3AF25BCC216E23E10044A953 /* 701.cpp in Sources */,
				3A7C1A9321B6CE0B005FA9F3 /* Stack1005.cpp in Sources */,
				3AD1F351215A81F0004CFE88 /* 601.cpp in Sources */,
				3AD6B01121A2FDA500A344EA /* 903.cpp in Sources */,
				3A2FC6AB21B5837900EEE2FE /* BankAccount1001.cpp in Sources */,
				3A9C17AF216F8B8100F99D49 /* 708a.cpp in Sources */,
				3A7C1A9C21B6E6CC005FA9F3 /* 1006.cpp in Sources */,
				3AAA4160215BE02B00BBB074 /* 607.cpp in Sources */,
				3A49E85F21B82FE2004CC9C7 /* 1008b.cpp in Sources */,
				3AF25BD2216E35C60044A953 /* 703.cpp in Sources */,
				3A7C1A8F21B6BF36005FA9F3 /* 1004.cpp in Sources */,
				3A2FC6B121B5975200EEE2FE /* Person1002.cpp in Sources */,
				3A2FC6AD21B5896800EEE2FE /* 1001.cpp in Sources */,
				3AF5FDE22188BD10009EDC30 /* 807.cpp in Sources */,
				3AF25BD8216E48F10044A953 /* 705.cpp in Sources */,
				3AC393C1216F8DE800723A1B /* 708b.cpp in Sources */,
				3A7C1A8721B69579005FA9F3 /* golf1003.cpp in Sources */,
				3A5CC580215FDA6200FA308F /* CaesarCipher01.cpp in Sources */,
				3A7C1A9621B6CEF6005FA9F3 /* 1005.cpp in Sources */,
			);
			runOnlyForDeploymentPostprocessing = 0;
		};
/* End PBXSourcesBuildPhase section */

/* Begin XCBuildConfiguration section */
		3AD3ED9720EBD8F3008D28BF /* Debug */ = {
			isa = XCBuildConfiguration;
			buildSettings = {
				ALWAYS_SEARCH_USER_PATHS = NO;
				CLANG_ANALYZER_NONNULL = YES;
				CLANG_ANALYZER_NUMBER_OBJECT_CONVERSION = YES_AGGRESSIVE;
				CLANG_CXX_LANGUAGE_STANDARD = "gnu++14";
				CLANG_CXX_LIBRARY = "libc++";
				CLANG_ENABLE_MODULES = YES;
				CLANG_ENABLE_OBJC_ARC = YES;
				CLANG_ENABLE_OBJC_WEAK = YES;
				CLANG_WARN_BLOCK_CAPTURE_AUTORELEASING = YES;
				CLANG_WARN_BOOL_CONVERSION = YES;
				CLANG_WARN_COMMA = YES;
				CLANG_WARN_CONSTANT_CONVERSION = YES;
				CLANG_WARN_DEPRECATED_OBJC_IMPLEMENTATIONS = YES;
				CLANG_WARN_DIRECT_OBJC_ISA_USAGE = YES_ERROR;
				CLANG_WARN_DOCUMENTATION_COMMENTS = YES;
				CLANG_WARN_EMPTY_BODY = YES;
				CLANG_WARN_ENUM_CONVERSION = YES;
				CLANG_WARN_INFINITE_RECURSION = YES;
				CLANG_WARN_INT_CONVERSION = YES;
				CLANG_WARN_NON_LITERAL_NULL_CONVERSION = YES;
				CLANG_WARN_OBJC_IMPLICIT_RETAIN_SELF = YES;
				CLANG_WARN_OBJC_LITERAL_CONVERSION = YES;
				CLANG_WARN_OBJC_ROOT_CLASS = YES_ERROR;
				CLANG_WARN_RANGE_LOOP_ANALYSIS = YES;
				CLANG_WARN_STRICT_PROTOTYPES = YES;
				CLANG_WARN_SUSPICIOUS_MOVE = YES;
				CLANG_WARN_UNGUARDED_AVAILABILITY = YES_AGGRESSIVE;
				CLANG_WARN_UNREACHABLE_CODE = YES;
				CLANG_WARN__DUPLICATE_METHOD_MATCH = YES;
				CODE_SIGN_IDENTITY = "-";
				COPY_PHASE_STRIP = NO;
				DEBUG_INFORMATION_FORMAT = dwarf;
				ENABLE_STRICT_OBJC_MSGSEND = YES;
				ENABLE_TESTABILITY = YES;
				GCC_C_LANGUAGE_STANDARD = gnu11;
				GCC_DYNAMIC_NO_PIC = NO;
				GCC_NO_COMMON_BLOCKS = YES;
				GCC_OPTIMIZATION_LEVEL = 0;
				GCC_PREPROCESSOR_DEFINITIONS = (
					"DEBUG=1",
					"$(inherited)",
				);
				GCC_WARN_64_TO_32_BIT_CONVERSION = YES;
				GCC_WARN_ABOUT_RETURN_TYPE = YES_ERROR;
				GCC_WARN_UNDECLARED_SELECTOR = YES;
				GCC_WARN_UNINITIALIZED_AUTOS = YES_AGGRESSIVE;
				GCC_WARN_UNUSED_FUNCTION = YES;
				GCC_WARN_UNUSED_VARIABLE = YES;
				MACOSX_DEPLOYMENT_TARGET = 10.13;
				MTL_ENABLE_DEBUG_INFO = YES;
				ONLY_ACTIVE_ARCH = YES;
				SDKROOT = macosx;
			};
			name = Debug;
		};
		3AD3ED9820EBD8F3008D28BF /* Release */ = {
			isa = XCBuildConfiguration;
			buildSettings = {
				ALWAYS_SEARCH_USER_PATHS = NO;
				CLANG_ANALYZER_NONNULL = YES;
				CLANG_ANALYZER_NUMBER_OBJECT_CONVERSION = YES_AGGRESSIVE;
				CLANG_CXX_LANGUAGE_STANDARD = "gnu++14";
				CLANG_CXX_LIBRARY = "libc++";
				CLANG_ENABLE_MODULES = YES;
				CLANG_ENABLE_OBJC_ARC = YES;
				CLANG_ENABLE_OBJC_WEAK = YES;
				CLANG_WARN_BLOCK_CAPTURE_AUTORELEASING = YES;
				CLANG_WARN_BOOL_CONVERSION = YES;
				CLANG_WARN_COMMA = YES;
				CLANG_WARN_CONSTANT_CONVERSION = YES;
				CLANG_WARN_DEPRECATED_OBJC_IMPLEMENTATIONS = YES;
				CLANG_WARN_DIRECT_OBJC_ISA_USAGE = YES_ERROR;
				CLANG_WARN_DOCUMENTATION_COMMENTS = YES;
				CLANG_WARN_EMPTY_BODY = YES;
				CLANG_WARN_ENUM_CONVERSION = YES;
				CLANG_WARN_INFINITE_RECURSION = YES;
				CLANG_WARN_INT_CONVERSION = YES;
				CLANG_WARN_NON_LITERAL_NULL_CONVERSION = YES;
				CLANG_WARN_OBJC_IMPLICIT_RETAIN_SELF = YES;
				CLANG_WARN_OBJC_LITERAL_CONVERSION = YES;
				CLANG_WARN_OBJC_ROOT_CLASS = YES_ERROR;
				CLANG_WARN_RANGE_LOOP_ANALYSIS = YES;
				CLANG_WARN_STRICT_PROTOTYPES = YES;
				CLANG_WARN_SUSPICIOUS_MOVE = YES;
				CLANG_WARN_UNGUARDED_AVAILABILITY = YES_AGGRESSIVE;
				CLANG_WARN_UNREACHABLE_CODE = YES;
				CLANG_WARN__DUPLICATE_METHOD_MATCH = YES;
				CODE_SIGN_IDENTITY = "-";
				COPY_PHASE_STRIP = NO;
				DEBUG_INFORMATION_FORMAT = "dwarf-with-dsym";
				ENABLE_NS_ASSERTIONS = NO;
				ENABLE_STRICT_OBJC_MSGSEND = YES;
				GCC_C_LANGUAGE_STANDARD = gnu11;
				GCC_NO_COMMON_BLOCKS = YES;
				GCC_WARN_64_TO_32_BIT_CONVERSION = YES;
				GCC_WARN_ABOUT_RETURN_TYPE = YES_ERROR;
				GCC_WARN_UNDECLARED_SELECTOR = YES;
				GCC_WARN_UNINITIALIZED_AUTOS = YES_AGGRESSIVE;
				GCC_WARN_UNUSED_FUNCTION = YES;
				GCC_WARN_UNUSED_VARIABLE = YES;
				MACOSX_DEPLOYMENT_TARGET = 10.13;
				MTL_ENABLE_DEBUG_INFO = NO;
				SDKROOT = macosx;
			};
			name = Release;
		};
		3AD3ED9A20EBD8F3008D28BF /* Debug */ = {
			isa = XCBuildConfiguration;
			buildSettings = {
				CODE_SIGN_STYLE = Automatic;
				PRODUCT_NAME = "$(TARGET_NAME)";
			};
			name = Debug;
		};
		3AD3ED9B20EBD8F3008D28BF /* Release */ = {
			isa = XCBuildConfiguration;
			buildSettings = {
				CODE_SIGN_STYLE = Automatic;
				PRODUCT_NAME = "$(TARGET_NAME)";
			};
			name = Release;
		};
/* End XCBuildConfiguration section */

/* Begin XCConfigurationList section */
		3AD3ED8D20EBD8F3008D28BF /* Build configuration list for PBXProject "C++ Primer Plus Exercises" */ = {
			isa = XCConfigurationList;
			buildConfigurations = (
				3AD3ED9720EBD8F3008D28BF /* Debug */,
				3AD3ED9820EBD8F3008D28BF /* Release */,
			);
			defaultConfigurationIsVisible = 0;
			defaultConfigurationName = Release;
		};
		3AD3ED9920EBD8F3008D28BF /* Build configuration list for PBXNativeTarget "C++ Primer Plus Exercises" */ = {
			isa = XCConfigurationList;
			buildConfigurations = (
				3AD3ED9A20EBD8F3008D28BF /* Debug */,
				3AD3ED9B20EBD8F3008D28BF /* Release */,
			);
			defaultConfigurationIsVisible = 0;
			defaultConfigurationName = Release;
		};
/* End XCConfigurationList section */
	};
	rootObject = 3AD3ED8A20EBD8F3008D28BF /* Project object */;
}
