// !$*UTF8*$!
{
	archiveVersion = 1;
	classes = {
	};
	objectVersion = 50;
	objects = {

/* Begin PBXBuildFile section */
		3A047DE8219EDE5600245EE1 /* 901.cpp in Sources */ = {isa = PBXBuildFile; fileRef = 3A047DE6219EDE5600245EE1 /* 901.cpp */; };
		3A047DEB219EDE6500245EE1 /* golf901.cpp in Sources */ = {isa = PBXBuildFile; fileRef = 3A047DE9219EDE6500245EE1 /* golf901.cpp */; };
		3A0C224022C4F8E6006D5743 /* 1403.cpp in Sources */ = {isa = PBXBuildFile; fileRef = 3A0C223F22C4F8E6006D5743 /* 1403.cpp */; };
		3A0C224322C500EB006D5743 /* WorkerType1403.cpp in Sources */ = {isa = PBXBuildFile; fileRef = 3A0C224122C500EB006D5743 /* WorkerType1403.cpp */; };
		3A2053BA22CB79560003B4E5 /* CardType1404.cpp in Sources */ = {isa = PBXBuildFile; fileRef = 3A2053B822CB79560003B4E5 /* CardType1404.cpp */; };
		3A2053BD22CB844D0003B4E5 /* PersonType1404.cpp in Sources */ = {isa = PBXBuildFile; fileRef = 3A2053BB22CB844D0003B4E5 /* PersonType1404.cpp */; };
		3A24FC1C21BEA7C800EB1EB2 /* LinkedListType01.cpp in Sources */ = {isa = PBXBuildFile; fileRef = 3A24FC1A21BEA7C800EB1EB2 /* LinkedListType01.cpp */; };
		3A24FC1E21BEA7DB00EB1EB2 /* LinkedList01.cpp in Sources */ = {isa = PBXBuildFile; fileRef = 3A24FC1D21BEA7DB00EB1EB2 /* LinkedList01.cpp */; };
		3A2FC6AB21B5837900EEE2FE /* BankAccount1001.cpp in Sources */ = {isa = PBXBuildFile; fileRef = 3A2FC6A921B5837900EEE2FE /* BankAccount1001.cpp */; };
		3A2FC6AD21B5896800EEE2FE /* 1001.cpp in Sources */ = {isa = PBXBuildFile; fileRef = 3A2FC6AC21B5896800EEE2FE /* 1001.cpp */; };
		3A2FC6B121B5975200EEE2FE /* Person1002.cpp in Sources */ = {isa = PBXBuildFile; fileRef = 3A2FC6AF21B5975200EEE2FE /* Person1002.cpp */; };
		3A2FC6B321B59B5400EEE2FE /* 1002.cpp in Sources */ = {isa = PBXBuildFile; fileRef = 3A2FC6B221B59B5400EEE2FE /* 1002.cpp */; };
		3A39D03422033C760036828D /* Vector1102.cpp in Sources */ = {isa = PBXBuildFile; fileRef = 3A39D03222033C760036828D /* Vector1102.cpp */; };
		3A39D03622033C7F0036828D /* 1102.cpp in Sources */ = {isa = PBXBuildFile; fileRef = 3A39D03522033C7F0036828D /* 1102.cpp */; };
		3A39D03A220345360036828D /* Vector1103.cpp in Sources */ = {isa = PBXBuildFile; fileRef = 3A39D038220345360036828D /* Vector1103.cpp */; };
		3A39D03C220345400036828D /* 1103.cpp in Sources */ = {isa = PBXBuildFile; fileRef = 3A39D03B220345400036828D /* 1103.cpp */; };
		3A39D040220352180036828D /* Time1104.cpp in Sources */ = {isa = PBXBuildFile; fileRef = 3A39D03E220352180036828D /* Time1104.cpp */; };
		3A39D042220352210036828D /* 1104.cpp in Sources */ = {isa = PBXBuildFile; fileRef = 3A39D041220352210036828D /* 1104.cpp */; };
		3A3B18E622C3B8DE00CA67A4 /* WineType1401.cpp in Sources */ = {isa = PBXBuildFile; fileRef = 3A3B18E422C3B8DE00CA67A4 /* WineType1401.cpp */; };
		3A3B18EB22C3DB8200CA67A4 /* WineType1402.cpp in Sources */ = {isa = PBXBuildFile; fileRef = 3A3B18E922C3DB8200CA67A4 /* WineType1402.cpp */; };
		3A3B18ED22C3DD1800CA67A4 /* 1402.cpp in Sources */ = {isa = PBXBuildFile; fileRef = 3A3B18EC22C3DD1800CA67A4 /* 1402.cpp */; };
		3A3DC37C2260E5BB00A05771 /* cd1302.cpp in Sources */ = {isa = PBXBuildFile; fileRef = 3A3DC37A2260E5BB00A05771 /* cd1302.cpp */; };
		3A3DC37F2260E5CC00A05771 /* classic1302.cpp in Sources */ = {isa = PBXBuildFile; fileRef = 3A3DC37D2260E5CC00A05771 /* classic1302.cpp */; };
		3A3DC3812260E5D600A05771 /* 1302.cpp in Sources */ = {isa = PBXBuildFile; fileRef = 3A3DC3802260E5D600A05771 /* 1302.cpp */; };
		3A4333AB22009BAF00F5A756 /* Vector1101.cpp in Sources */ = {isa = PBXBuildFile; fileRef = 3A4333A922009BAF00F5A756 /* Vector1101.cpp */; };
		3A4333AD22009BBE00F5A756 /* 1101.cpp in Sources */ = {isa = PBXBuildFile; fileRef = 3A4333AC22009BBE00F5A756 /* 1101.cpp */; };
		3A49E85121B7E211004CC9C7 /* Plorg.cpp in Sources */ = {isa = PBXBuildFile; fileRef = 3A49E84F21B7E211004CC9C7 /* Plorg.cpp */; };
		3A49E85321B7E792004CC9C7 /* 1007.cpp in Sources */ = {isa = PBXBuildFile; fileRef = 3A49E85221B7E792004CC9C7 /* 1007.cpp */; };
		3A49E85721B8009A004CC9C7 /* SimpleListA.cpp in Sources */ = {isa = PBXBuildFile; fileRef = 3A49E85521B8009A004CC9C7 /* SimpleListA.cpp */; };
		3A49E85921B809EE004CC9C7 /* 1008a.cpp in Sources */ = {isa = PBXBuildFile; fileRef = 3A49E85821B809EE004CC9C7 /* 1008a.cpp */; };
		3A49E85D21B818AD004CC9C7 /* SimpleListB.cpp in Sources */ = {isa = PBXBuildFile; fileRef = 3A49E85B21B818AD004CC9C7 /* SimpleListB.cpp */; };
		3A49E85F21B82FE2004CC9C7 /* 1008b.cpp in Sources */ = {isa = PBXBuildFile; fileRef = 3A49E85E21B82FE2004CC9C7 /* 1008b.cpp */; };
		3A4E1AB3215E382B00F9AEB3 /* ReadToVector01.cpp in Sources */ = {isa = PBXBuildFile; fileRef = 3A4E1AB1215E382B00F9AEB3 /* ReadToVector01.cpp */; };
		3A5CC580215FDA6200FA308F /* CaesarCipher01.cpp in Sources */ = {isa = PBXBuildFile; fileRef = 3A5CC57E215FDA6200FA308F /* CaesarCipher01.cpp */; };
		3A6132612260C90A00569D33 /* cd1301.cpp in Sources */ = {isa = PBXBuildFile; fileRef = 3A61325F2260C90A00569D33 /* cd1301.cpp */; };
		3A6132642260CBBF00569D33 /* classic1301.cpp in Sources */ = {isa = PBXBuildFile; fileRef = 3A6132622260CBBF00569D33 /* classic1301.cpp */; };
		3A6132662260CC0600569D33 /* 1301.cpp in Sources */ = {isa = PBXBuildFile; fileRef = 3A6132652260CC0600569D33 /* 1301.cpp */; };
		3A656D6822C3B35900C12A47 /* 1401.cpp in Sources */ = {isa = PBXBuildFile; fileRef = 3A656D6722C3B35900C12A47 /* 1401.cpp */; };
		3A659816222694400059FFC0 /* Cow1201.cpp in Sources */ = {isa = PBXBuildFile; fileRef = 3A659814222694400059FFC0 /* Cow1201.cpp */; };
		3A6598182226BAF90059FFC0 /* 1201.cpp in Sources */ = {isa = PBXBuildFile; fileRef = 3A6598172226BAF90059FFC0 /* 1201.cpp */; };
		3A66E6B72204689600C701AF /* Stonewt1105.cpp in Sources */ = {isa = PBXBuildFile; fileRef = 3A66E6B52204689600C701AF /* Stonewt1105.cpp */; };
		3A66E6B9220468A000C701AF /* 1105.cpp in Sources */ = {isa = PBXBuildFile; fileRef = 3A66E6B8220468A000C701AF /* 1105.cpp */; };
		3A66E6BD22047BFD00C701AF /* Stonewt1106.cpp in Sources */ = {isa = PBXBuildFile; fileRef = 3A66E6BB22047BFD00C701AF /* Stonewt1106.cpp */; };
		3A66E6BF22047C0B00C701AF /* 1106.cpp in Sources */ = {isa = PBXBuildFile; fileRef = 3A66E6BE22047C0B00C701AF /* 1106.cpp */; };
		3A66E6C32204A09D00C701AF /* Complex1107.cpp in Sources */ = {isa = PBXBuildFile; fileRef = 3A66E6C12204A09D00C701AF /* Complex1107.cpp */; };
		3A66E6C52204A0A700C701AF /* 1107.cpp in Sources */ = {isa = PBXBuildFile; fileRef = 3A66E6C42204A0A700C701AF /* 1107.cpp */; };
		3A78C6C4216F840A00549680 /* 707.cpp in Sources */ = {isa = PBXBuildFile; fileRef = 3A78C6C2216F840A00549680 /* 707.cpp */; };
		3A7C1A8721B69579005FA9F3 /* golf1003.cpp in Sources */ = {isa = PBXBuildFile; fileRef = 3A7C1A8521B69579005FA9F3 /* golf1003.cpp */; };
		3A7C1A8921B69CB6005FA9F3 /* 1003.cpp in Sources */ = {isa = PBXBuildFile; fileRef = 3A7C1A8821B69CB6005FA9F3 /* 1003.cpp */; };
		3A7C1A8D21B6AFCD005FA9F3 /* Sales1004.cpp in Sources */ = {isa = PBXBuildFile; fileRef = 3A7C1A8B21B6AFCD005FA9F3 /* Sales1004.cpp */; };
		3A7C1A8F21B6BF36005FA9F3 /* 1004.cpp in Sources */ = {isa = PBXBuildFile; fileRef = 3A7C1A8E21B6BF36005FA9F3 /* 1004.cpp */; };
		3A7C1A9321B6CE0B005FA9F3 /* Stack1005.cpp in Sources */ = {isa = PBXBuildFile; fileRef = 3A7C1A9121B6CE0B005FA9F3 /* Stack1005.cpp */; };
		3A7C1A9621B6CEF6005FA9F3 /* 1005.cpp in Sources */ = {isa = PBXBuildFile; fileRef = 3A7C1A9421B6CEF6005FA9F3 /* 1005.cpp */; };
		3A7C1A9A21B6E480005FA9F3 /* Move1006.cpp in Sources */ = {isa = PBXBuildFile; fileRef = 3A7C1A9821B6E480005FA9F3 /* Move1006.cpp */; };
		3A7C1A9C21B6E6CC005FA9F3 /* 1006.cpp in Sources */ = {isa = PBXBuildFile; fileRef = 3A7C1A9B21B6E6CC005FA9F3 /* 1006.cpp */; };
		3A83BFA02228359500938104 /* Stack1204.cpp in Sources */ = {isa = PBXBuildFile; fileRef = 3A83BF9E2228359500938104 /* Stack1204.cpp */; };
		3A9C17AF216F8B8100F99D49 /* 708a.cpp in Sources */ = {isa = PBXBuildFile; fileRef = 3A9C17AD216F8B8100F99D49 /* 708a.cpp */; };
		3AAA415D215BB0CB00BBB074 /* 604.cpp in Sources */ = {isa = PBXBuildFile; fileRef = 3AAA415B215BB0CB00BBB074 /* 604.cpp */; };
		3AAA4160215BE02B00BBB074 /* 607.cpp in Sources */ = {isa = PBXBuildFile; fileRef = 3AAA415E215BE02B00BBB074 /* 607.cpp */; };
		3AAA6E452264C6AE005D3FAC /* Port1304.cpp in Sources */ = {isa = PBXBuildFile; fileRef = 3AAA6E432264C6AE005D3FAC /* Port1304.cpp */; };
		3AAA6E482264C943005D3FAC /* VintagePort1304.cpp in Sources */ = {isa = PBXBuildFile; fileRef = 3AAA6E462264C943005D3FAC /* VintagePort1304.cpp */; };
		3AAA6E4A2264D223005D3FAC /* 1304.cpp in Sources */ = {isa = PBXBuildFile; fileRef = 3AAA6E492264D223005D3FAC /* 1304.cpp */; };
		3ABBA71A22CE30C900333B2C /* EmployeeType1405.cpp in Sources */ = {isa = PBXBuildFile; fileRef = 3ABBA71822CE30C900333B2C /* EmployeeType1405.cpp */; };
		3ABBA71C22CE385E00333B2C /* 1405.cpp in Sources */ = {isa = PBXBuildFile; fileRef = 3ABBA71B22CE385E00333B2C /* 1405.cpp */; };
		3ABF8473222D470C00A5C506 /* 1206.cpp in Sources */ = {isa = PBXBuildFile; fileRef = 3ABF8472222D470C00A5C506 /* 1206.cpp */; };
		3AC24B77226489DD005E48A6 /* DMA1303.cpp in Sources */ = {isa = PBXBuildFile; fileRef = 3AC24B75226489DD005E48A6 /* DMA1303.cpp */; };
		3AC24B792264A4B3005E48A6 /* 1303.cpp in Sources */ = {isa = PBXBuildFile; fileRef = 3AC24B782264A4B3005E48A6 /* 1303.cpp */; };
		3AC393C1216F8DE800723A1B /* 708b.cpp in Sources */ = {isa = PBXBuildFile; fileRef = 3AC393BF216F8DE800723A1B /* 708b.cpp */; };
		3AC393C4216F95B100723A1B /* 709.cpp in Sources */ = {isa = PBXBuildFile; fileRef = 3AC393C2216F95B100723A1B /* 709.cpp */; };
		3AC393C7216FAB5200723A1B /* 710.cpp in Sources */ = {isa = PBXBuildFile; fileRef = 3AC393C5216FAB5200723A1B /* 710.cpp */; };
		3AD1F351215A81F0004CFE88 /* 601.cpp in Sources */ = {isa = PBXBuildFile; fileRef = 3AD1F34F215A81F0004CFE88 /* 601.cpp */; };
		3AD3ED9620EBD8F3008D28BF /* main.cpp in Sources */ = {isa = PBXBuildFile; fileRef = 3AD3ED9520EBD8F3008D28BF /* main.cpp */; };
		3AD6B00E21A2F8F500A344EA /* 902.cpp in Sources */ = {isa = PBXBuildFile; fileRef = 3AD6B00C21A2F8F500A344EA /* 902.cpp */; };
		3AD6B01121A2FDA500A344EA /* 903.cpp in Sources */ = {isa = PBXBuildFile; fileRef = 3AD6B00F21A2FDA500A344EA /* 903.cpp */; };
		3AD6B01621A30EE800A344EA /* Sales904.cpp in Sources */ = {isa = PBXBuildFile; fileRef = 3AD6B01421A30EE800A344EA /* Sales904.cpp */; };
		3AD6B01821A30EF500A344EA /* 904.cpp in Sources */ = {isa = PBXBuildFile; fileRef = 3AD6B01721A30EF500A344EA /* 904.cpp */; };
		3AD7AEB6222841C800ABD60C /* 1204.cpp in Sources */ = {isa = PBXBuildFile; fileRef = 3AD7AEB5222841C800ABD60C /* 1204.cpp */; };
		3ADA52DF2226CE8800F12BE9 /* String1202.cpp in Sources */ = {isa = PBXBuildFile; fileRef = 3ADA52DD2226CE8800F12BE9 /* String1202.cpp */; };
		3ADA52E12226D1AA00F12BE9 /* 1202.cpp in Sources */ = {isa = PBXBuildFile; fileRef = 3ADA52E02226D1AA00F12BE9 /* 1202.cpp */; };
		3ADA52E52226E58300F12BE9 /* Stock1203.cpp in Sources */ = {isa = PBXBuildFile; fileRef = 3ADA52E32226E58300F12BE9 /* Stock1203.cpp */; };
		3ADA52E72226E67F00F12BE9 /* 1203.cpp in Sources */ = {isa = PBXBuildFile; fileRef = 3ADA52E62226E67F00F12BE9 /* 1203.cpp */; };
		3ADA7BE1222957A700F8064F /* Customer1200.cpp in Sources */ = {isa = PBXBuildFile; fileRef = 3ADA7BDF222957A700F8064F /* Customer1200.cpp */; };
		3ADA7BE52229595900F8064F /* Queue1200.cpp in Sources */ = {isa = PBXBuildFile; fileRef = 3ADA7BE32229595900F8064F /* Queue1200.cpp */; };
		3ADA7BE722295AB400F8064F /* 1205a.cpp in Sources */ = {isa = PBXBuildFile; fileRef = 3ADA7BE622295AB400F8064F /* 1205a.cpp */; };
		3ADA7BE92229946D00F8064F /* 1205b.cpp in Sources */ = {isa = PBXBuildFile; fileRef = 3ADA7BE82229946D00F8064F /* 1205b.cpp */; };
		3AE6D00622CBCECC00EB950D /* 1404.cpp in Sources */ = {isa = PBXBuildFile; fileRef = 3AE6D00522CBCECC00EB950D /* 1404.cpp */; };
		3AF25BCC216E23E10044A953 /* 701.cpp in Sources */ = {isa = PBXBuildFile; fileRef = 3AF25BCA216E23E10044A953 /* 701.cpp */; };
		3AF25BCF216E28C50044A953 /* 702.cpp in Sources */ = {isa = PBXBuildFile; fileRef = 3AF25BCD216E28C50044A953 /* 702.cpp */; };
		3AF25BD2216E35C60044A953 /* 703.cpp in Sources */ = {isa = PBXBuildFile; fileRef = 3AF25BD0216E35C60044A953 /* 703.cpp */; };
		3AF25BD5216E41150044A953 /* 704.cpp in Sources */ = {isa = PBXBuildFile; fileRef = 3AF25BD3216E41150044A953 /* 704.cpp */; };
		3AF25BD8216E48F10044A953 /* 705.cpp in Sources */ = {isa = PBXBuildFile; fileRef = 3AF25BD6216E48F10044A953 /* 705.cpp */; };
		3AF25BDB216E56AF0044A953 /* 706.cpp in Sources */ = {isa = PBXBuildFile; fileRef = 3AF25BD9216E56AF0044A953 /* 706.cpp */; };
		3AF5FDD0218897CD009EDC30 /* 801.cpp in Sources */ = {isa = PBXBuildFile; fileRef = 3AF5FDCE218897CD009EDC30 /* 801.cpp */; };
		3AF5FDD321889D30009EDC30 /* 802.cpp in Sources */ = {isa = PBXBuildFile; fileRef = 3AF5FDD121889D30009EDC30 /* 802.cpp */; };
		3AF5FDD62188A237009EDC30 /* 803.cpp in Sources */ = {isa = PBXBuildFile; fileRef = 3AF5FDD42188A237009EDC30 /* 803.cpp */; };
		3AF5FDD92188AA9A009EDC30 /* 804.cpp in Sources */ = {isa = PBXBuildFile; fileRef = 3AF5FDD72188AA9A009EDC30 /* 804.cpp */; };
		3AF5FDDC2188B3AC009EDC30 /* 805.cpp in Sources */ = {isa = PBXBuildFile; fileRef = 3AF5FDDA2188B3AC009EDC30 /* 805.cpp */; };
		3AF5FDDF2188B6B7009EDC30 /* 806.cpp in Sources */ = {isa = PBXBuildFile; fileRef = 3AF5FDDD2188B6B7009EDC30 /* 806.cpp */; };
		3AF5FDE22188BD10009EDC30 /* 807.cpp in Sources */ = {isa = PBXBuildFile; fileRef = 3AF5FDE02188BD10009EDC30 /* 807.cpp */; };
/* End PBXBuildFile section */

/* Begin PBXCopyFilesBuildPhase section */
		3AD3ED9020EBD8F3008D28BF /* CopyFiles */ = {
			isa = PBXCopyFilesBuildPhase;
			buildActionMask = 2147483647;
			dstPath = /usr/share/man/man1/;
			dstSubfolderSpec = 0;
			files = (
			);
			runOnlyForDeploymentPostprocessing = 1;
		};
/* End PBXCopyFilesBuildPhase section */

/* Begin PBXFileReference section */
		3A047DE6219EDE5600245EE1 /* 901.cpp */ = {isa = PBXFileReference; lastKnownFileType = sourcecode.cpp.cpp; path = 901.cpp; sourceTree = "<group>"; };
		3A047DE9219EDE6500245EE1 /* golf901.cpp */ = {isa = PBXFileReference; lastKnownFileType = sourcecode.cpp.cpp; path = golf901.cpp; sourceTree = "<group>"; };
		3A047DEA219EDE6500245EE1 /* golf901.hpp */ = {isa = PBXFileReference; lastKnownFileType = sourcecode.cpp.h; path = golf901.hpp; sourceTree = "<group>"; };
		3A0C223E22C4F759006D5743 /* QueueType1403.hpp */ = {isa = PBXFileReference; lastKnownFileType = sourcecode.cpp.h; path = QueueType1403.hpp; sourceTree = "<group>"; };
		3A0C223F22C4F8E6006D5743 /* 1403.cpp */ = {isa = PBXFileReference; lastKnownFileType = sourcecode.cpp.cpp; path = 1403.cpp; sourceTree = "<group>"; };
		3A0C224122C500EB006D5743 /* WorkerType1403.cpp */ = {isa = PBXFileReference; lastKnownFileType = sourcecode.cpp.cpp; path = WorkerType1403.cpp; sourceTree = "<group>"; };
		3A0C224222C500EB006D5743 /* WorkerType1403.hpp */ = {isa = PBXFileReference; lastKnownFileType = sourcecode.cpp.h; path = WorkerType1403.hpp; sourceTree = "<group>"; };
		3A2053B822CB79560003B4E5 /* CardType1404.cpp */ = {isa = PBXFileReference; lastKnownFileType = sourcecode.cpp.cpp; path = CardType1404.cpp; sourceTree = "<group>"; };
		3A2053B922CB79560003B4E5 /* CardType1404.hpp */ = {isa = PBXFileReference; lastKnownFileType = sourcecode.cpp.h; path = CardType1404.hpp; sourceTree = "<group>"; };
		3A2053BB22CB844D0003B4E5 /* PersonType1404.cpp */ = {isa = PBXFileReference; lastKnownFileType = sourcecode.cpp.cpp; path = PersonType1404.cpp; sourceTree = "<group>"; };
		3A2053BC22CB844D0003B4E5 /* PersonType1404.hpp */ = {isa = PBXFileReference; lastKnownFileType = sourcecode.cpp.h; path = PersonType1404.hpp; sourceTree = "<group>"; };
		3A24FC1A21BEA7C800EB1EB2 /* LinkedListType01.cpp */ = {isa = PBXFileReference; lastKnownFileType = sourcecode.cpp.cpp; path = LinkedListType01.cpp; sourceTree = "<group>"; };
		3A24FC1B21BEA7C800EB1EB2 /* LinkedListType01.hpp */ = {isa = PBXFileReference; lastKnownFileType = sourcecode.cpp.h; path = LinkedListType01.hpp; sourceTree = "<group>"; };
		3A24FC1D21BEA7DB00EB1EB2 /* LinkedList01.cpp */ = {isa = PBXFileReference; lastKnownFileType = sourcecode.cpp.cpp; path = LinkedList01.cpp; sourceTree = "<group>"; };
		3A2FC6A921B5837900EEE2FE /* BankAccount1001.cpp */ = {isa = PBXFileReference; lastKnownFileType = sourcecode.cpp.cpp; path = BankAccount1001.cpp; sourceTree = "<group>"; };
		3A2FC6AA21B5837900EEE2FE /* BankAccount1001.hpp */ = {isa = PBXFileReference; lastKnownFileType = sourcecode.cpp.h; path = BankAccount1001.hpp; sourceTree = "<group>"; };
		3A2FC6AC21B5896800EEE2FE /* 1001.cpp */ = {isa = PBXFileReference; lastKnownFileType = sourcecode.cpp.cpp; path = 1001.cpp; sourceTree = "<group>"; };
		3A2FC6AF21B5975200EEE2FE /* Person1002.cpp */ = {isa = PBXFileReference; lastKnownFileType = sourcecode.cpp.cpp; path = Person1002.cpp; sourceTree = "<group>"; };
		3A2FC6B021B5975200EEE2FE /* Person1002.hpp */ = {isa = PBXFileReference; lastKnownFileType = sourcecode.cpp.h; path = Person1002.hpp; sourceTree = "<group>"; };
		3A2FC6B221B59B5400EEE2FE /* 1002.cpp */ = {isa = PBXFileReference; lastKnownFileType = sourcecode.cpp.cpp; path = 1002.cpp; sourceTree = "<group>"; };
		3A39D03222033C760036828D /* Vector1102.cpp */ = {isa = PBXFileReference; lastKnownFileType = sourcecode.cpp.cpp; path = Vector1102.cpp; sourceTree = "<group>"; };
		3A39D03322033C760036828D /* Vector1102.hpp */ = {isa = PBXFileReference; lastKnownFileType = sourcecode.cpp.h; path = Vector1102.hpp; sourceTree = "<group>"; };
		3A39D03522033C7F0036828D /* 1102.cpp */ = {isa = PBXFileReference; lastKnownFileType = sourcecode.cpp.cpp; path = 1102.cpp; sourceTree = "<group>"; };
		3A39D038220345360036828D /* Vector1103.cpp */ = {isa = PBXFileReference; lastKnownFileType = sourcecode.cpp.cpp; path = Vector1103.cpp; sourceTree = "<group>"; };
		3A39D039220345360036828D /* Vector1103.hpp */ = {isa = PBXFileReference; lastKnownFileType = sourcecode.cpp.h; path = Vector1103.hpp; sourceTree = "<group>"; };
		3A39D03B220345400036828D /* 1103.cpp */ = {isa = PBXFileReference; lastKnownFileType = sourcecode.cpp.cpp; path = 1103.cpp; sourceTree = "<group>"; };
		3A39D03E220352180036828D /* Time1104.cpp */ = {isa = PBXFileReference; lastKnownFileType = sourcecode.cpp.cpp; path = Time1104.cpp; sourceTree = "<group>"; };
		3A39D03F220352180036828D /* Time1104.hpp */ = {isa = PBXFileReference; lastKnownFileType = sourcecode.cpp.h; path = Time1104.hpp; sourceTree = "<group>"; };
		3A39D041220352210036828D /* 1104.cpp */ = {isa = PBXFileReference; lastKnownFileType = sourcecode.cpp.cpp; path = 1104.cpp; sourceTree = "<group>"; };
		3A3B18E422C3B8DE00CA67A4 /* WineType1401.cpp */ = {isa = PBXFileReference; lastKnownFileType = sourcecode.cpp.cpp; path = WineType1401.cpp; sourceTree = "<group>"; };
		3A3B18E522C3B8DE00CA67A4 /* WineType1401.hpp */ = {isa = PBXFileReference; lastKnownFileType = sourcecode.cpp.h; path = WineType1401.hpp; sourceTree = "<group>"; };
		3A3B18E822C3DB5600CA67A4 /* PairType1402.hpp */ = {isa = PBXFileReference; lastKnownFileType = sourcecode.cpp.h; path = PairType1402.hpp; sourceTree = "<group>"; };
		3A3B18E922C3DB8200CA67A4 /* WineType1402.cpp */ = {isa = PBXFileReference; lastKnownFileType = sourcecode.cpp.cpp; path = WineType1402.cpp; sourceTree = "<group>"; };
		3A3B18EA22C3DB8200CA67A4 /* WineType1402.hpp */ = {isa = PBXFileReference; lastKnownFileType = sourcecode.cpp.h; path = WineType1402.hpp; sourceTree = "<group>"; };
		3A3B18EC22C3DD1800CA67A4 /* 1402.cpp */ = {isa = PBXFileReference; lastKnownFileType = sourcecode.cpp.cpp; path = 1402.cpp; sourceTree = "<group>"; };
		3A3DC37A2260E5BB00A05771 /* cd1302.cpp */ = {isa = PBXFileReference; lastKnownFileType = sourcecode.cpp.cpp; path = cd1302.cpp; sourceTree = "<group>"; };
		3A3DC37B2260E5BB00A05771 /* cd1302.hpp */ = {isa = PBXFileReference; lastKnownFileType = sourcecode.cpp.h; path = cd1302.hpp; sourceTree = "<group>"; };
		3A3DC37D2260E5CC00A05771 /* classic1302.cpp */ = {isa = PBXFileReference; lastKnownFileType = sourcecode.cpp.cpp; path = classic1302.cpp; sourceTree = "<group>"; };
		3A3DC37E2260E5CC00A05771 /* classic1302.hpp */ = {isa = PBXFileReference; lastKnownFileType = sourcecode.cpp.h; path = classic1302.hpp; sourceTree = "<group>"; };
		3A3DC3802260E5D600A05771 /* 1302.cpp */ = {isa = PBXFileReference; lastKnownFileType = sourcecode.cpp.cpp; path = 1302.cpp; sourceTree = "<group>"; };
		3A4333A922009BAF00F5A756 /* Vector1101.cpp */ = {isa = PBXFileReference; lastKnownFileType = sourcecode.cpp.cpp; path = Vector1101.cpp; sourceTree = "<group>"; };
		3A4333AA22009BAF00F5A756 /* Vector1101.hpp */ = {isa = PBXFileReference; lastKnownFileType = sourcecode.cpp.h; path = Vector1101.hpp; sourceTree = "<group>"; };
		3A4333AC22009BBE00F5A756 /* 1101.cpp */ = {isa = PBXFileReference; lastKnownFileType = sourcecode.cpp.cpp; path = 1101.cpp; sourceTree = "<group>"; };
		3A49E84F21B7E211004CC9C7 /* Plorg.cpp */ = {isa = PBXFileReference; lastKnownFileType = sourcecode.cpp.cpp; path = Plorg.cpp; sourceTree = "<group>"; };
		3A49E85021B7E211004CC9C7 /* Plorg.hpp */ = {isa = PBXFileReference; lastKnownFileType = sourcecode.cpp.h; path = Plorg.hpp; sourceTree = "<group>"; };
		3A49E85221B7E792004CC9C7 /* 1007.cpp */ = {isa = PBXFileReference; lastKnownFileType = sourcecode.cpp.cpp; path = 1007.cpp; sourceTree = "<group>"; };
		3A49E85521B8009A004CC9C7 /* SimpleListA.cpp */ = {isa = PBXFileReference; lastKnownFileType = sourcecode.cpp.cpp; path = SimpleListA.cpp; sourceTree = "<group>"; };
		3A49E85621B8009A004CC9C7 /* SimpleListA.hpp */ = {isa = PBXFileReference; lastKnownFileType = sourcecode.cpp.h; path = SimpleListA.hpp; sourceTree = "<group>"; };
		3A49E85821B809EE004CC9C7 /* 1008a.cpp */ = {isa = PBXFileReference; lastKnownFileType = sourcecode.cpp.cpp; path = 1008a.cpp; sourceTree = "<group>"; };
		3A49E85B21B818AD004CC9C7 /* SimpleListB.cpp */ = {isa = PBXFileReference; lastKnownFileType = sourcecode.cpp.cpp; path = SimpleListB.cpp; sourceTree = "<group>"; };
		3A49E85C21B818AD004CC9C7 /* SimpleListB.hpp */ = {isa = PBXFileReference; lastKnownFileType = sourcecode.cpp.h; path = SimpleListB.hpp; sourceTree = "<group>"; };
		3A49E85E21B82FE2004CC9C7 /* 1008b.cpp */ = {isa = PBXFileReference; lastKnownFileType = sourcecode.cpp.cpp; path = 1008b.cpp; sourceTree = "<group>"; };
		3A4E1AB1215E382B00F9AEB3 /* ReadToVector01.cpp */ = {isa = PBXFileReference; lastKnownFileType = sourcecode.cpp.cpp; path = ReadToVector01.cpp; sourceTree = "<group>"; };
		3A5CC57E215FDA6200FA308F /* CaesarCipher01.cpp */ = {isa = PBXFileReference; lastKnownFileType = sourcecode.cpp.cpp; path = CaesarCipher01.cpp; sourceTree = "<group>"; };
		3A61325F2260C90A00569D33 /* cd1301.cpp */ = {isa = PBXFileReference; lastKnownFileType = sourcecode.cpp.cpp; path = cd1301.cpp; sourceTree = "<group>"; };
		3A6132602260C90A00569D33 /* cd1301.hpp */ = {isa = PBXFileReference; lastKnownFileType = sourcecode.cpp.h; path = cd1301.hpp; sourceTree = "<group>"; };
		3A6132622260CBBF00569D33 /* classic1301.cpp */ = {isa = PBXFileReference; lastKnownFileType = sourcecode.cpp.cpp; path = classic1301.cpp; sourceTree = "<group>"; };
		3A6132632260CBBF00569D33 /* classic1301.hpp */ = {isa = PBXFileReference; lastKnownFileType = sourcecode.cpp.h; path = classic1301.hpp; sourceTree = "<group>"; };
		3A6132652260CC0600569D33 /* 1301.cpp */ = {isa = PBXFileReference; lastKnownFileType = sourcecode.cpp.cpp; path = 1301.cpp; sourceTree = "<group>"; };
		3A65668B21592D9300ACDA13 /* README.md */ = {isa = PBXFileReference; lastKnownFileType = net.daringfireball.markdown; path = README.md; sourceTree = "<group>"; };
		3A656D6722C3B35900C12A47 /* 1401.cpp */ = {isa = PBXFileReference; lastKnownFileType = sourcecode.cpp.cpp; path = 1401.cpp; sourceTree = "<group>"; };
		3A656D6922C3B43500C12A47 /* PairType1401.hpp */ = {isa = PBXFileReference; lastKnownFileType = sourcecode.cpp.h; path = PairType1401.hpp; sourceTree = "<group>"; };
		3A659814222694400059FFC0 /* Cow1201.cpp */ = {isa = PBXFileReference; lastKnownFileType = sourcecode.cpp.cpp; path = Cow1201.cpp; sourceTree = "<group>"; };
		3A659815222694400059FFC0 /* Cow1201.hpp */ = {isa = PBXFileReference; lastKnownFileType = sourcecode.cpp.h; path = Cow1201.hpp; sourceTree = "<group>"; };
		3A6598172226BAF90059FFC0 /* 1201.cpp */ = {isa = PBXFileReference; lastKnownFileType = sourcecode.cpp.cpp; path = 1201.cpp; sourceTree = "<group>"; };
		3A66E6B52204689600C701AF /* Stonewt1105.cpp */ = {isa = PBXFileReference; lastKnownFileType = sourcecode.cpp.cpp; path = Stonewt1105.cpp; sourceTree = "<group>"; };
		3A66E6B62204689600C701AF /* Stonewt1105.hpp */ = {isa = PBXFileReference; lastKnownFileType = sourcecode.cpp.h; path = Stonewt1105.hpp; sourceTree = "<group>"; };
		3A66E6B8220468A000C701AF /* 1105.cpp */ = {isa = PBXFileReference; lastKnownFileType = sourcecode.cpp.cpp; path = 1105.cpp; sourceTree = "<group>"; };
		3A66E6BB22047BFD00C701AF /* Stonewt1106.cpp */ = {isa = PBXFileReference; lastKnownFileType = sourcecode.cpp.cpp; path = Stonewt1106.cpp; sourceTree = "<group>"; };
		3A66E6BC22047BFD00C701AF /* Stonewt1106.hpp */ = {isa = PBXFileReference; lastKnownFileType = sourcecode.cpp.h; path = Stonewt1106.hpp; sourceTree = "<group>"; };
		3A66E6BE22047C0B00C701AF /* 1106.cpp */ = {isa = PBXFileReference; lastKnownFileType = sourcecode.cpp.cpp; path = 1106.cpp; sourceTree = "<group>"; };
		3A66E6C12204A09D00C701AF /* Complex1107.cpp */ = {isa = PBXFileReference; lastKnownFileType = sourcecode.cpp.cpp; path = Complex1107.cpp; sourceTree = "<group>"; };
		3A66E6C22204A09D00C701AF /* Complex1107.hpp */ = {isa = PBXFileReference; lastKnownFileType = sourcecode.cpp.h; path = Complex1107.hpp; sourceTree = "<group>"; };
		3A66E6C42204A0A700C701AF /* 1107.cpp */ = {isa = PBXFileReference; lastKnownFileType = sourcecode.cpp.cpp; path = 1107.cpp; sourceTree = "<group>"; };
		3A78C6C2216F840A00549680 /* 707.cpp */ = {isa = PBXFileReference; lastKnownFileType = sourcecode.cpp.cpp; path = 707.cpp; sourceTree = "<group>"; };
		3A7C1A8521B69579005FA9F3 /* golf1003.cpp */ = {isa = PBXFileReference; lastKnownFileType = sourcecode.cpp.cpp; path = golf1003.cpp; sourceTree = "<group>"; };
		3A7C1A8621B69579005FA9F3 /* golf1003.hpp */ = {isa = PBXFileReference; lastKnownFileType = sourcecode.cpp.h; path = golf1003.hpp; sourceTree = "<group>"; };
		3A7C1A8821B69CB6005FA9F3 /* 1003.cpp */ = {isa = PBXFileReference; lastKnownFileType = sourcecode.cpp.cpp; path = 1003.cpp; sourceTree = "<group>"; };
		3A7C1A8B21B6AFCD005FA9F3 /* Sales1004.cpp */ = {isa = PBXFileReference; lastKnownFileType = sourcecode.cpp.cpp; path = Sales1004.cpp; sourceTree = "<group>"; };
		3A7C1A8C21B6AFCD005FA9F3 /* Sales1004.hpp */ = {isa = PBXFileReference; lastKnownFileType = sourcecode.cpp.h; path = Sales1004.hpp; sourceTree = "<group>"; };
		3A7C1A8E21B6BF36005FA9F3 /* 1004.cpp */ = {isa = PBXFileReference; lastKnownFileType = sourcecode.cpp.cpp; path = 1004.cpp; sourceTree = "<group>"; };
		3A7C1A9121B6CE0B005FA9F3 /* Stack1005.cpp */ = {isa = PBXFileReference; lastKnownFileType = sourcecode.cpp.cpp; path = Stack1005.cpp; sourceTree = "<group>"; };
		3A7C1A9221B6CE0B005FA9F3 /* Stack1005.hpp */ = {isa = PBXFileReference; lastKnownFileType = sourcecode.cpp.h; path = Stack1005.hpp; sourceTree = "<group>"; };
		3A7C1A9421B6CEF6005FA9F3 /* 1005.cpp */ = {isa = PBXFileReference; lastKnownFileType = sourcecode.cpp.cpp; path = 1005.cpp; sourceTree = "<group>"; };
		3A7C1A9521B6CEF6005FA9F3 /* 1005.hpp */ = {isa = PBXFileReference; lastKnownFileType = sourcecode.cpp.h; path = 1005.hpp; sourceTree = "<group>"; };
		3A7C1A9821B6E480005FA9F3 /* Move1006.cpp */ = {isa = PBXFileReference; lastKnownFileType = sourcecode.cpp.cpp; path = Move1006.cpp; sourceTree = "<group>"; };
		3A7C1A9921B6E480005FA9F3 /* Move1006.hpp */ = {isa = PBXFileReference; lastKnownFileType = sourcecode.cpp.h; path = Move1006.hpp; sourceTree = "<group>"; };
		3A7C1A9B21B6E6CC005FA9F3 /* 1006.cpp */ = {isa = PBXFileReference; lastKnownFileType = sourcecode.cpp.cpp; path = 1006.cpp; sourceTree = "<group>"; };
		3A83BF9E2228359500938104 /* Stack1204.cpp */ = {isa = PBXFileReference; lastKnownFileType = sourcecode.cpp.cpp; path = Stack1204.cpp; sourceTree = "<group>"; };
		3A83BF9F2228359500938104 /* Stack1204.hpp */ = {isa = PBXFileReference; lastKnownFileType = sourcecode.cpp.h; path = Stack1204.hpp; sourceTree = "<group>"; };
		3A9C17AD216F8B8100F99D49 /* 708a.cpp */ = {isa = PBXFileReference; lastKnownFileType = sourcecode.cpp.cpp; path = 708a.cpp; sourceTree = "<group>"; };
		3AAA415B215BB0CB00BBB074 /* 604.cpp */ = {isa = PBXFileReference; lastKnownFileType = sourcecode.cpp.cpp; path = 604.cpp; sourceTree = "<group>"; };
		3AAA415E215BE02B00BBB074 /* 607.cpp */ = {isa = PBXFileReference; lastKnownFileType = sourcecode.cpp.cpp; path = 607.cpp; sourceTree = "<group>"; };
		3AAA6E432264C6AE005D3FAC /* Port1304.cpp */ = {isa = PBXFileReference; lastKnownFileType = sourcecode.cpp.cpp; path = Port1304.cpp; sourceTree = "<group>"; };
		3AAA6E442264C6AE005D3FAC /* Port1304.hpp */ = {isa = PBXFileReference; lastKnownFileType = sourcecode.cpp.h; path = Port1304.hpp; sourceTree = "<group>"; };
		3AAA6E462264C943005D3FAC /* VintagePort1304.cpp */ = {isa = PBXFileReference; lastKnownFileType = sourcecode.cpp.cpp; path = VintagePort1304.cpp; sourceTree = "<group>"; };
		3AAA6E472264C943005D3FAC /* VintagePort1304.hpp */ = {isa = PBXFileReference; lastKnownFileType = sourcecode.cpp.h; path = VintagePort1304.hpp; sourceTree = "<group>"; };
		3AAA6E492264D223005D3FAC /* 1304.cpp */ = {isa = PBXFileReference; lastKnownFileType = sourcecode.cpp.cpp; path = 1304.cpp; sourceTree = "<group>"; };
		3ABBA71822CE30C900333B2C /* EmployeeType1405.cpp */ = {isa = PBXFileReference; lastKnownFileType = sourcecode.cpp.cpp; path = EmployeeType1405.cpp; sourceTree = "<group>"; };
		3ABBA71922CE30C900333B2C /* EmployeeType1405.hpp */ = {isa = PBXFileReference; lastKnownFileType = sourcecode.cpp.h; path = EmployeeType1405.hpp; sourceTree = "<group>"; };
		3ABBA71B22CE385E00333B2C /* 1405.cpp */ = {isa = PBXFileReference; lastKnownFileType = sourcecode.cpp.cpp; path = 1405.cpp; sourceTree = "<group>"; };
		3ABF8472222D470C00A5C506 /* 1206.cpp */ = {isa = PBXFileReference; lastKnownFileType = sourcecode.cpp.cpp; path = 1206.cpp; sourceTree = "<group>"; };
		3AC24B75226489DD005E48A6 /* DMA1303.cpp */ = {isa = PBXFileReference; lastKnownFileType = sourcecode.cpp.cpp; path = DMA1303.cpp; sourceTree = "<group>"; };
		3AC24B76226489DD005E48A6 /* DMA1303.hpp */ = {isa = PBXFileReference; lastKnownFileType = sourcecode.cpp.h; path = DMA1303.hpp; sourceTree = "<group>"; };
		3AC24B782264A4B3005E48A6 /* 1303.cpp */ = {isa = PBXFileReference; lastKnownFileType = sourcecode.cpp.cpp; path = 1303.cpp; sourceTree = "<group>"; };
		3AC393BF216F8DE800723A1B /* 708b.cpp */ = {isa = PBXFileReference; lastKnownFileType = sourcecode.cpp.cpp; path = 708b.cpp; sourceTree = "<group>"; };
		3AC393C2216F95B100723A1B /* 709.cpp */ = {isa = PBXFileReference; lastKnownFileType = sourcecode.cpp.cpp; path = 709.cpp; sourceTree = "<group>"; };
		3AC393C5216FAB5200723A1B /* 710.cpp */ = {isa = PBXFileReference; lastKnownFileType = sourcecode.cpp.cpp; path = 710.cpp; sourceTree = "<group>"; };
		3AD1F34F215A81F0004CFE88 /* 601.cpp */ = {isa = PBXFileReference; lastKnownFileType = sourcecode.cpp.cpp; path = 601.cpp; sourceTree = "<group>"; };
		3AD3ED9220EBD8F3008D28BF /* C++ Primer Plus Exercises */ = {isa = PBXFileReference; explicitFileType = "compiled.mach-o.executable"; includeInIndex = 0; path = "C++ Primer Plus Exercises"; sourceTree = BUILT_PRODUCTS_DIR; };
		3AD3ED9520EBD8F3008D28BF /* main.cpp */ = {isa = PBXFileReference; lastKnownFileType = sourcecode.cpp.cpp; path = main.cpp; sourceTree = "<group>"; };
		3AD6B00C21A2F8F500A344EA /* 902.cpp */ = {isa = PBXFileReference; lastKnownFileType = sourcecode.cpp.cpp; path = 902.cpp; sourceTree = "<group>"; };
		3AD6B00F21A2FDA500A344EA /* 903.cpp */ = {isa = PBXFileReference; lastKnownFileType = sourcecode.cpp.cpp; path = 903.cpp; sourceTree = "<group>"; };
		3AD6B01221A2FE2D00A344EA /* Contents.hpp */ = {isa = PBXFileReference; lastKnownFileType = sourcecode.cpp.h; path = Contents.hpp; sourceTree = "<group>"; };
		3AD6B01421A30EE800A344EA /* Sales904.cpp */ = {isa = PBXFileReference; lastKnownFileType = sourcecode.cpp.cpp; path = Sales904.cpp; sourceTree = "<group>"; };
		3AD6B01521A30EE800A344EA /* Sales904.hpp */ = {isa = PBXFileReference; lastKnownFileType = sourcecode.cpp.h; path = Sales904.hpp; sourceTree = "<group>"; };
		3AD6B01721A30EF500A344EA /* 904.cpp */ = {isa = PBXFileReference; lastKnownFileType = sourcecode.cpp.cpp; path = 904.cpp; sourceTree = "<group>"; };
		3AD7AEB5222841C800ABD60C /* 1204.cpp */ = {isa = PBXFileReference; lastKnownFileType = sourcecode.cpp.cpp; path = 1204.cpp; sourceTree = "<group>"; };
		3ADA52DD2226CE8800F12BE9 /* String1202.cpp */ = {isa = PBXFileReference; lastKnownFileType = sourcecode.cpp.cpp; path = String1202.cpp; sourceTree = "<group>"; };
		3ADA52DE2226CE8800F12BE9 /* String1202.hpp */ = {isa = PBXFileReference; lastKnownFileType = sourcecode.cpp.h; path = String1202.hpp; sourceTree = "<group>"; };
		3ADA52E02226D1AA00F12BE9 /* 1202.cpp */ = {isa = PBXFileReference; lastKnownFileType = sourcecode.cpp.cpp; path = 1202.cpp; sourceTree = "<group>"; };
		3ADA52E32226E58300F12BE9 /* Stock1203.cpp */ = {isa = PBXFileReference; lastKnownFileType = sourcecode.cpp.cpp; path = Stock1203.cpp; sourceTree = "<group>"; };
		3ADA52E42226E58300F12BE9 /* Stock1203.hpp */ = {isa = PBXFileReference; lastKnownFileType = sourcecode.cpp.h; path = Stock1203.hpp; sourceTree = "<group>"; };
		3ADA52E62226E67F00F12BE9 /* 1203.cpp */ = {isa = PBXFileReference; lastKnownFileType = sourcecode.cpp.cpp; path = 1203.cpp; sourceTree = "<group>"; };
		3ADA7BDF222957A700F8064F /* Customer1200.cpp */ = {isa = PBXFileReference; lastKnownFileType = sourcecode.cpp.cpp; path = Customer1200.cpp; sourceTree = "<group>"; };
		3ADA7BE0222957A700F8064F /* Customer1200.hpp */ = {isa = PBXFileReference; lastKnownFileType = sourcecode.cpp.h; path = Customer1200.hpp; sourceTree = "<group>"; };
		3ADA7BE32229595900F8064F /* Queue1200.cpp */ = {isa = PBXFileReference; lastKnownFileType = sourcecode.cpp.cpp; path = Queue1200.cpp; sourceTree = "<group>"; };
		3ADA7BE42229595900F8064F /* Queue1200.hpp */ = {isa = PBXFileReference; lastKnownFileType = sourcecode.cpp.h; path = Queue1200.hpp; sourceTree = "<group>"; };
		3ADA7BE622295AB400F8064F /* 1205a.cpp */ = {isa = PBXFileReference; lastKnownFileType = sourcecode.cpp.cpp; path = 1205a.cpp; sourceTree = "<group>"; };
		3ADA7BE82229946D00F8064F /* 1205b.cpp */ = {isa = PBXFileReference; lastKnownFileType = sourcecode.cpp.cpp; path = 1205b.cpp; sourceTree = "<group>"; };
		3AE6D00522CBCECC00EB950D /* 1404.cpp */ = {isa = PBXFileReference; lastKnownFileType = sourcecode.cpp.cpp; path = 1404.cpp; sourceTree = "<group>"; };
		3AF25BCA216E23E10044A953 /* 701.cpp */ = {isa = PBXFileReference; lastKnownFileType = sourcecode.cpp.cpp; path = 701.cpp; sourceTree = "<group>"; };
		3AF25BCD216E28C50044A953 /* 702.cpp */ = {isa = PBXFileReference; lastKnownFileType = sourcecode.cpp.cpp; path = 702.cpp; sourceTree = "<group>"; };
		3AF25BD0216E35C60044A953 /* 703.cpp */ = {isa = PBXFileReference; lastKnownFileType = sourcecode.cpp.cpp; path = 703.cpp; sourceTree = "<group>"; };
		3AF25BD3216E41150044A953 /* 704.cpp */ = {isa = PBXFileReference; lastKnownFileType = sourcecode.cpp.cpp; path = 704.cpp; sourceTree = "<group>"; };
		3AF25BD6216E48F10044A953 /* 705.cpp */ = {isa = PBXFileReference; lastKnownFileType = sourcecode.cpp.cpp; path = 705.cpp; sourceTree = "<group>"; };
		3AF25BD9216E56AF0044A953 /* 706.cpp */ = {isa = PBXFileReference; lastKnownFileType = sourcecode.cpp.cpp; path = 706.cpp; sourceTree = "<group>"; };
		3AF5FDCE218897CD009EDC30 /* 801.cpp */ = {isa = PBXFileReference; lastKnownFileType = sourcecode.cpp.cpp; path = 801.cpp; sourceTree = "<group>"; };
		3AF5FDD121889D30009EDC30 /* 802.cpp */ = {isa = PBXFileReference; lastKnownFileType = sourcecode.cpp.cpp; path = 802.cpp; sourceTree = "<group>"; };
		3AF5FDD42188A237009EDC30 /* 803.cpp */ = {isa = PBXFileReference; lastKnownFileType = sourcecode.cpp.cpp; path = 803.cpp; sourceTree = "<group>"; };
		3AF5FDD72188AA9A009EDC30 /* 804.cpp */ = {isa = PBXFileReference; lastKnownFileType = sourcecode.cpp.cpp; path = 804.cpp; sourceTree = "<group>"; };
		3AF5FDDA2188B3AC009EDC30 /* 805.cpp */ = {isa = PBXFileReference; lastKnownFileType = sourcecode.cpp.cpp; path = 805.cpp; sourceTree = "<group>"; };
		3AF5FDDD2188B6B7009EDC30 /* 806.cpp */ = {isa = PBXFileReference; lastKnownFileType = sourcecode.cpp.cpp; path = 806.cpp; sourceTree = "<group>"; };
		3AF5FDE02188BD10009EDC30 /* 807.cpp */ = {isa = PBXFileReference; lastKnownFileType = sourcecode.cpp.cpp; path = 807.cpp; sourceTree = "<group>"; };
/* End PBXFileReference section */

/* Begin PBXFrameworksBuildPhase section */
		3AD3ED8F20EBD8F3008D28BF /* Frameworks */ = {
			isa = PBXFrameworksBuildPhase;
			buildActionMask = 2147483647;
			files = (
			);
			runOnlyForDeploymentPostprocessing = 0;
		};
/* End PBXFrameworksBuildPhase section */

/* Begin PBXGroup section */
		3A047DE4219EDE2F00245EE1 /* Chapter 09 */ = {
			isa = PBXGroup;
			children = (
				3A047DE5219EDE3D00245EE1 /* 901 */,
				3AD6B00C21A2F8F500A344EA /* 902.cpp */,
				3AD6B00F21A2FDA500A344EA /* 903.cpp */,
				3AD6B01321A30A0200A344EA /* 904 */,
			);
			path = "Chapter 09";
			sourceTree = "<group>";
		};
		3A047DE5219EDE3D00245EE1 /* 901 */ = {
			isa = PBXGroup;
			children = (
				3A047DE6219EDE5600245EE1 /* 901.cpp */,
				3A047DE9219EDE6500245EE1 /* golf901.cpp */,
				3A047DEA219EDE6500245EE1 /* golf901.hpp */,
			);
			path = 901;
			sourceTree = "<group>";
		};
		3A2053B722CB78960003B4E5 /* 1404 */ = {
			isa = PBXGroup;
			children = (
				3A2053B822CB79560003B4E5 /* CardType1404.cpp */,
				3A2053B922CB79560003B4E5 /* CardType1404.hpp */,
				3A2053BB22CB844D0003B4E5 /* PersonType1404.cpp */,
				3A2053BC22CB844D0003B4E5 /* PersonType1404.hpp */,
				3AE6D00522CBCECC00EB950D /* 1404.cpp */,
			);
			path = 1404;
			sourceTree = "<group>";
		};
		3A24FC1821BEA76B00EB1EB2 /* Data Structures */ = {
			isa = PBXGroup;
			children = (
				3A24FC1921BEA78700EB1EB2 /* LinkedList01 */,
			);
			path = "Data Structures";
			sourceTree = "<group>";
		};
		3A24FC1921BEA78700EB1EB2 /* LinkedList01 */ = {
			isa = PBXGroup;
			children = (
				3A24FC1A21BEA7C800EB1EB2 /* LinkedListType01.cpp */,
				3A24FC1B21BEA7C800EB1EB2 /* LinkedListType01.hpp */,
				3A24FC1D21BEA7DB00EB1EB2 /* LinkedList01.cpp */,
			);
			path = LinkedList01;
			sourceTree = "<group>";
		};
		3A2FC6A721B5833200EEE2FE /* Chapter 10 */ = {
			isa = PBXGroup;
			children = (
				3A2FC6A821B5834500EEE2FE /* 1001 */,
				3A2FC6AE21B5970C00EEE2FE /* 1002 */,
				3A7C1A8421B6955F005FA9F3 /* 1003 */,
				3A7C1A8A21B6A1F2005FA9F3 /* 1004 */,
				3A7C1A9021B6CDE4005FA9F3 /* 1005 */,
				3A7C1A9721B6E468005FA9F3 /* 1006 */,
				3A49E84E21B7E1FB004CC9C7 /* 1007 */,
				3A49E85421B80072004CC9C7 /* 1008a */,
				3A49E85A21B81387004CC9C7 /* 1008b */,
			);
			path = "Chapter 10";
			sourceTree = "<group>";
		};
		3A2FC6A821B5834500EEE2FE /* 1001 */ = {
			isa = PBXGroup;
			children = (
				3A2FC6A921B5837900EEE2FE /* BankAccount1001.cpp */,
				3A2FC6AA21B5837900EEE2FE /* BankAccount1001.hpp */,
				3A2FC6AC21B5896800EEE2FE /* 1001.cpp */,
			);
			path = 1001;
			sourceTree = "<group>";
		};
		3A2FC6AE21B5970C00EEE2FE /* 1002 */ = {
			isa = PBXGroup;
			children = (
				3A2FC6AF21B5975200EEE2FE /* Person1002.cpp */,
				3A2FC6B021B5975200EEE2FE /* Person1002.hpp */,
				3A2FC6B221B59B5400EEE2FE /* 1002.cpp */,
			);
			path = 1002;
			sourceTree = "<group>";
		};
		3A39D03122033C430036828D /* 1102 */ = {
			isa = PBXGroup;
			children = (
				3A39D03222033C760036828D /* Vector1102.cpp */,
				3A39D03322033C760036828D /* Vector1102.hpp */,
				3A39D03522033C7F0036828D /* 1102.cpp */,
			);
			path = 1102;
			sourceTree = "<group>";
		};
		3A39D037220344CC0036828D /* 1103 */ = {
			isa = PBXGroup;
			children = (
				3A39D038220345360036828D /* Vector1103.cpp */,
				3A39D039220345360036828D /* Vector1103.hpp */,
				3A39D03B220345400036828D /* 1103.cpp */,
			);
			path = 1103;
			sourceTree = "<group>";
		};
		3A39D03D220351720036828D /* 1104 */ = {
			isa = PBXGroup;
			children = (
				3A39D03E220352180036828D /* Time1104.cpp */,
				3A39D03F220352180036828D /* Time1104.hpp */,
				3A39D041220352210036828D /* 1104.cpp */,
			);
			path = 1104;
			sourceTree = "<group>";
		};
		3A3B18E722C3DB3B00CA67A4 /* 1402 */ = {
			isa = PBXGroup;
			children = (
				3A3B18E822C3DB5600CA67A4 /* PairType1402.hpp */,
				3A3B18E922C3DB8200CA67A4 /* WineType1402.cpp */,
				3A3B18EA22C3DB8200CA67A4 /* WineType1402.hpp */,
				3A3B18EC22C3DD1800CA67A4 /* 1402.cpp */,
			);
			path = 1402;
			sourceTree = "<group>";
		};
		3A3B18EE22C3DF2A00CA67A4 /* 1403 */ = {
			isa = PBXGroup;
			children = (
				3A0C223E22C4F759006D5743 /* QueueType1403.hpp */,
				3A0C224122C500EB006D5743 /* WorkerType1403.cpp */,
				3A0C224222C500EB006D5743 /* WorkerType1403.hpp */,
				3A0C223F22C4F8E6006D5743 /* 1403.cpp */,
			);
			path = 1403;
			sourceTree = "<group>";
		};
		3A3DC3792260E56000A05771 /* 1302 */ = {
			isa = PBXGroup;
			children = (
				3A3DC37A2260E5BB00A05771 /* cd1302.cpp */,
				3A3DC37B2260E5BB00A05771 /* cd1302.hpp */,
				3A3DC37D2260E5CC00A05771 /* classic1302.cpp */,
				3A3DC37E2260E5CC00A05771 /* classic1302.hpp */,
				3A3DC3802260E5D600A05771 /* 1302.cpp */,
			);
			path = 1302;
			sourceTree = "<group>";
		};
		3A4333A722009B8400F5A756 /* Chapter 11 */ = {
			isa = PBXGroup;
			children = (
				3A4333A822009B9500F5A756 /* 1101 */,
				3A39D03122033C430036828D /* 1102 */,
				3A39D037220344CC0036828D /* 1103 */,
				3A39D03D220351720036828D /* 1104 */,
				3A66E6B42204686C00C701AF /* 1105 */,
				3A66E6BA22047BE700C701AF /* 1106 */,
				3A66E6C0220498B800C701AF /* 1107 */,
			);
			path = "Chapter 11";
			sourceTree = "<group>";
		};
		3A4333A822009B9500F5A756 /* 1101 */ = {
			isa = PBXGroup;
			children = (
				3A4333A922009BAF00F5A756 /* Vector1101.cpp */,
				3A4333AA22009BAF00F5A756 /* Vector1101.hpp */,
				3A4333AC22009BBE00F5A756 /* 1101.cpp */,
			);
			path = 1101;
			sourceTree = "<group>";
		};
		3A49E84E21B7E1FB004CC9C7 /* 1007 */ = {
			isa = PBXGroup;
			children = (
				3A49E84F21B7E211004CC9C7 /* Plorg.cpp */,
				3A49E85021B7E211004CC9C7 /* Plorg.hpp */,
				3A49E85221B7E792004CC9C7 /* 1007.cpp */,
			);
			path = 1007;
			sourceTree = "<group>";
		};
		3A49E85421B80072004CC9C7 /* 1008a */ = {
			isa = PBXGroup;
			children = (
				3A49E85521B8009A004CC9C7 /* SimpleListA.cpp */,
				3A49E85621B8009A004CC9C7 /* SimpleListA.hpp */,
				3A49E85821B809EE004CC9C7 /* 1008a.cpp */,
			);
			path = 1008a;
			sourceTree = "<group>";
		};
		3A49E85A21B81387004CC9C7 /* 1008b */ = {
			isa = PBXGroup;
			children = (
				3A49E85B21B818AD004CC9C7 /* SimpleListB.cpp */,
				3A49E85C21B818AD004CC9C7 /* SimpleListB.hpp */,
				3A49E85E21B82FE2004CC9C7 /* 1008b.cpp */,
			);
			path = 1008b;
			sourceTree = "<group>";
		};
		3A61325D2260C8AF00569D33 /* Chapter 13 */ = {
			isa = PBXGroup;
			children = (
				3A61325E2260C8D800569D33 /* 1301 */,
				3A3DC3792260E56000A05771 /* 1302 */,
				3AC24B7422648889005E48A6 /* 1303 */,
				3AC24B7A2264C054005E48A6 /* 1304 */,
			);
			path = "Chapter 13";
			sourceTree = "<group>";
		};
		3A61325E2260C8D800569D33 /* 1301 */ = {
			isa = PBXGroup;
			children = (
				3A61325F2260C90A00569D33 /* cd1301.cpp */,
				3A6132602260C90A00569D33 /* cd1301.hpp */,
				3A6132622260CBBF00569D33 /* classic1301.cpp */,
				3A6132632260CBBF00569D33 /* classic1301.hpp */,
				3A6132652260CC0600569D33 /* 1301.cpp */,
			);
			path = 1301;
			sourceTree = "<group>";
		};
		3A659812222694160059FFC0 /* Chapter 12 */ = {
			isa = PBXGroup;
			children = (
				3A659813222694280059FFC0 /* 1201 */,
				3ADA52DC2226CC4600F12BE9 /* 1202 */,
				3ADA52E22226DDD200F12BE9 /* 1203 */,
				3ADA52E82226EED500F12BE9 /* 1204 */,
				3ADA7BE2222958BE00F8064F /* Queue1200 */,
				3ADA7BDE222956D200F8064F /* 1205 */,
				3ABF8471222D46EA00A5C506 /* 1206 */,
			);
			path = "Chapter 12";
			sourceTree = "<group>";
		};
		3A659813222694280059FFC0 /* 1201 */ = {
			isa = PBXGroup;
			children = (
				3A659814222694400059FFC0 /* Cow1201.cpp */,
				3A659815222694400059FFC0 /* Cow1201.hpp */,
				3A6598172226BAF90059FFC0 /* 1201.cpp */,
			);
			path = 1201;
			sourceTree = "<group>";
		};
		3A66E6B42204686C00C701AF /* 1105 */ = {
			isa = PBXGroup;
			children = (
				3A66E6B52204689600C701AF /* Stonewt1105.cpp */,
				3A66E6B62204689600C701AF /* Stonewt1105.hpp */,
				3A66E6B8220468A000C701AF /* 1105.cpp */,
			);
			path = 1105;
			sourceTree = "<group>";
		};
		3A66E6BA22047BE700C701AF /* 1106 */ = {
			isa = PBXGroup;
			children = (
				3A66E6BB22047BFD00C701AF /* Stonewt1106.cpp */,
				3A66E6BC22047BFD00C701AF /* Stonewt1106.hpp */,
				3A66E6BE22047C0B00C701AF /* 1106.cpp */,
			);
			path = 1106;
			sourceTree = "<group>";
		};
		3A66E6C0220498B800C701AF /* 1107 */ = {
			isa = PBXGroup;
			children = (
				3A66E6C12204A09D00C701AF /* Complex1107.cpp */,
				3A66E6C22204A09D00C701AF /* Complex1107.hpp */,
				3A66E6C42204A0A700C701AF /* 1107.cpp */,
			);
			path = 1107;
			sourceTree = "<group>";
		};
		3A68487C215126EB004C5F68 /* Experiments */ = {
			isa = PBXGroup;
			children = (
				3A4E1AB1215E382B00F9AEB3 /* ReadToVector01.cpp */,
				3A5CC57E215FDA6200FA308F /* CaesarCipher01.cpp */,
			);
			path = Experiments;
			sourceTree = "<group>";
		};
		3A7C1A8421B6955F005FA9F3 /* 1003 */ = {
			isa = PBXGroup;
			children = (
				3A7C1A8521B69579005FA9F3 /* golf1003.cpp */,
				3A7C1A8621B69579005FA9F3 /* golf1003.hpp */,
				3A7C1A8821B69CB6005FA9F3 /* 1003.cpp */,
			);
			path = 1003;
			sourceTree = "<group>";
		};
		3A7C1A8A21B6A1F2005FA9F3 /* 1004 */ = {
			isa = PBXGroup;
			children = (
				3A7C1A8B21B6AFCD005FA9F3 /* Sales1004.cpp */,
				3A7C1A8C21B6AFCD005FA9F3 /* Sales1004.hpp */,
				3A7C1A8E21B6BF36005FA9F3 /* 1004.cpp */,
			);
			path = 1004;
			sourceTree = "<group>";
		};
		3A7C1A9021B6CDE4005FA9F3 /* 1005 */ = {
			isa = PBXGroup;
			children = (
				3A7C1A9121B6CE0B005FA9F3 /* Stack1005.cpp */,
				3A7C1A9221B6CE0B005FA9F3 /* Stack1005.hpp */,
				3A7C1A9421B6CEF6005FA9F3 /* 1005.cpp */,
				3A7C1A9521B6CEF6005FA9F3 /* 1005.hpp */,
			);
			path = 1005;
			sourceTree = "<group>";
		};
		3A7C1A9721B6E468005FA9F3 /* 1006 */ = {
			isa = PBXGroup;
			children = (
				3A7C1A9821B6E480005FA9F3 /* Move1006.cpp */,
				3A7C1A9921B6E480005FA9F3 /* Move1006.hpp */,
				3A7C1A9B21B6E6CC005FA9F3 /* 1006.cpp */,
			);
			path = 1006;
			sourceTree = "<group>";
		};
		3AADB4CE22C27C7500C91320 /* Chapter 14 */ = {
			isa = PBXGroup;
			children = (
				3AADB4CF22C27C9600C91320 /* 1401 */,
				3A3B18E722C3DB3B00CA67A4 /* 1402 */,
				3A3B18EE22C3DF2A00CA67A4 /* 1403 */,
				3A2053B722CB78960003B4E5 /* 1404 */,
				3ABBA71722CE309C00333B2C /* 1405 */,
			);
			path = "Chapter 14";
			sourceTree = "<group>";
		};
		3AADB4CF22C27C9600C91320 /* 1401 */ = {
			isa = PBXGroup;
			children = (
				3A656D6922C3B43500C12A47 /* PairType1401.hpp */,
				3A3B18E422C3B8DE00CA67A4 /* WineType1401.cpp */,
				3A3B18E522C3B8DE00CA67A4 /* WineType1401.hpp */,
				3A656D6722C3B35900C12A47 /* 1401.cpp */,
			);
			path = 1401;
			sourceTree = "<group>";
		};
		3ABBA71722CE309C00333B2C /* 1405 */ = {
			isa = PBXGroup;
			children = (
				3ABBA71822CE30C900333B2C /* EmployeeType1405.cpp */,
				3ABBA71922CE30C900333B2C /* EmployeeType1405.hpp */,
				3ABBA71B22CE385E00333B2C /* 1405.cpp */,
			);
			path = 1405;
			sourceTree = "<group>";
		};
		3ABF8471222D46EA00A5C506 /* 1206 */ = {
			isa = PBXGroup;
			children = (
				3ABF8472222D470C00A5C506 /* 1206.cpp */,
			);
			path = 1206;
			sourceTree = "<group>";
		};
		3AC24B7422648889005E48A6 /* 1303 */ = {
			isa = PBXGroup;
			children = (
				3AC24B75226489DD005E48A6 /* DMA1303.cpp */,
				3AC24B76226489DD005E48A6 /* DMA1303.hpp */,
				3AC24B782264A4B3005E48A6 /* 1303.cpp */,
			);
			path = 1303;
			sourceTree = "<group>";
		};
		3AC24B7A2264C054005E48A6 /* 1304 */ = {
			isa = PBXGroup;
			children = (
				3AAA6E432264C6AE005D3FAC /* Port1304.cpp */,
				3AAA6E442264C6AE005D3FAC /* Port1304.hpp */,
				3AAA6E462264C943005D3FAC /* VintagePort1304.cpp */,
				3AAA6E472264C943005D3FAC /* VintagePort1304.hpp */,
				3AAA6E492264D223005D3FAC /* 1304.cpp */,
			);
			path = 1304;
			sourceTree = "<group>";
		};
		3AD3ED8920EBD8F3008D28BF = {
			isa = PBXGroup;
			children = (
				3A65668B21592D9300ACDA13 /* README.md */,
				3AD3ED9420EBD8F3008D28BF /* C++ Primer Plus Exercises */,
				3AD3ED9320EBD8F3008D28BF /* Products */,
			);
			sourceTree = "<group>";
		};
		3AD3ED9320EBD8F3008D28BF /* Products */ = {
			isa = PBXGroup;
			children = (
				3AD3ED9220EBD8F3008D28BF /* C++ Primer Plus Exercises */,
			);
			name = Products;
			sourceTree = "<group>";
		};
		3AD3ED9420EBD8F3008D28BF /* C++ Primer Plus Exercises */ = {
			isa = PBXGroup;
			children = (
				3AF25BC8216E23AE0044A953 /* Chapter 06 */,
				3AF25BC9216E23B80044A953 /* Chapter 07 */,
				3AF5FDCD21889652009EDC30 /* Chapter 08 */,
				3A047DE4219EDE2F00245EE1 /* Chapter 09 */,
				3A2FC6A721B5833200EEE2FE /* Chapter 10 */,
				3A4333A722009B8400F5A756 /* Chapter 11 */,
				3A659812222694160059FFC0 /* Chapter 12 */,
				3A61325D2260C8AF00569D33 /* Chapter 13 */,
				3AADB4CE22C27C7500C91320 /* Chapter 14 */,
				3A68487C215126EB004C5F68 /* Experiments */,
				3A24FC1821BEA76B00EB1EB2 /* Data Structures */,
				3AD3ED9520EBD8F3008D28BF /* main.cpp */,
				3AD6B01221A2FE2D00A344EA /* Contents.hpp */,
			);
			path = "C++ Primer Plus Exercises";
			sourceTree = "<group>";
		};
		3AD6B01321A30A0200A344EA /* 904 */ = {
			isa = PBXGroup;
			children = (
				3AD6B01721A30EF500A344EA /* 904.cpp */,
				3AD6B01421A30EE800A344EA /* Sales904.cpp */,
				3AD6B01521A30EE800A344EA /* Sales904.hpp */,
			);
			path = 904;
			sourceTree = "<group>";
		};
		3ADA52DC2226CC4600F12BE9 /* 1202 */ = {
			isa = PBXGroup;
			children = (
				3ADA52DD2226CE8800F12BE9 /* String1202.cpp */,
				3ADA52DE2226CE8800F12BE9 /* String1202.hpp */,
				3ADA52E02226D1AA00F12BE9 /* 1202.cpp */,
			);
			path = 1202;
			sourceTree = "<group>";
		};
		3ADA52E22226DDD200F12BE9 /* 1203 */ = {
			isa = PBXGroup;
			children = (
				3ADA52E32226E58300F12BE9 /* Stock1203.cpp */,
				3ADA52E42226E58300F12BE9 /* Stock1203.hpp */,
				3ADA52E62226E67F00F12BE9 /* 1203.cpp */,
			);
			path = 1203;
			sourceTree = "<group>";
		};
		3ADA52E82226EED500F12BE9 /* 1204 */ = {
			isa = PBXGroup;
			children = (
				3A83BF9E2228359500938104 /* Stack1204.cpp */,
				3A83BF9F2228359500938104 /* Stack1204.hpp */,
				3AD7AEB5222841C800ABD60C /* 1204.cpp */,
			);
			path = 1204;
			sourceTree = "<group>";
		};
		3ADA7BDE222956D200F8064F /* 1205 */ = {
			isa = PBXGroup;
			children = (
				3ADA7BE622295AB400F8064F /* 1205a.cpp */,
				3ADA7BE82229946D00F8064F /* 1205b.cpp */,
			);
			path = 1205;
			sourceTree = "<group>";
		};
		3ADA7BE2222958BE00F8064F /* Queue1200 */ = {
			isa = PBXGroup;
			children = (
				3ADA7BDF222957A700F8064F /* Customer1200.cpp */,
				3ADA7BE0222957A700F8064F /* Customer1200.hpp */,
				3ADA7BE32229595900F8064F /* Queue1200.cpp */,
				3ADA7BE42229595900F8064F /* Queue1200.hpp */,
			);
			path = Queue1200;
			sourceTree = "<group>";
		};
		3AF25BC8216E23AE0044A953 /* Chapter 06 */ = {
			isa = PBXGroup;
			children = (
				3AD1F34F215A81F0004CFE88 /* 601.cpp */,
				3AAA415B215BB0CB00BBB074 /* 604.cpp */,
				3AAA415E215BE02B00BBB074 /* 607.cpp */,
			);
			path = "Chapter 06";
			sourceTree = "<group>";
		};
		3AF25BC9216E23B80044A953 /* Chapter 07 */ = {
			isa = PBXGroup;
			children = (
				3AF25BCA216E23E10044A953 /* 701.cpp */,
				3AF25BCD216E28C50044A953 /* 702.cpp */,
				3AF25BD0216E35C60044A953 /* 703.cpp */,
				3AF25BD3216E41150044A953 /* 704.cpp */,
				3AF25BD6216E48F10044A953 /* 705.cpp */,
				3AF25BD9216E56AF0044A953 /* 706.cpp */,
				3A78C6C2216F840A00549680 /* 707.cpp */,
				3A9C17AD216F8B8100F99D49 /* 708a.cpp */,
				3AC393BF216F8DE800723A1B /* 708b.cpp */,
				3AC393C2216F95B100723A1B /* 709.cpp */,
				3AC393C5216FAB5200723A1B /* 710.cpp */,
			);
			path = "Chapter 07";
			sourceTree = "<group>";
		};
		3AF5FDCD21889652009EDC30 /* Chapter 08 */ = {
			isa = PBXGroup;
			children = (
				3AF5FDCE218897CD009EDC30 /* 801.cpp */,
				3AF5FDD121889D30009EDC30 /* 802.cpp */,
				3AF5FDD42188A237009EDC30 /* 803.cpp */,
				3AF5FDD72188AA9A009EDC30 /* 804.cpp */,
				3AF5FDDA2188B3AC009EDC30 /* 805.cpp */,
				3AF5FDDD2188B6B7009EDC30 /* 806.cpp */,
				3AF5FDE02188BD10009EDC30 /* 807.cpp */,
			);
			path = "Chapter 08";
			sourceTree = "<group>";
		};
/* End PBXGroup section */

/* Begin PBXNativeTarget section */
		3AD3ED9120EBD8F3008D28BF /* C++ Primer Plus Exercises */ = {
			isa = PBXNativeTarget;
			buildConfigurationList = 3AD3ED9920EBD8F3008D28BF /* Build configuration list for PBXNativeTarget "C++ Primer Plus Exercises" */;
			buildPhases = (
				3AD3ED8E20EBD8F3008D28BF /* Sources */,
				3AD3ED8F20EBD8F3008D28BF /* Frameworks */,
				3AD3ED9020EBD8F3008D28BF /* CopyFiles */,
			);
			buildRules = (
			);
			dependencies = (
			);
			name = "C++ Primer Plus Exercises";
			productName = "C++ Primer Plus Exercises";
			productReference = 3AD3ED9220EBD8F3008D28BF /* C++ Primer Plus Exercises */;
			productType = "com.apple.product-type.tool";
		};
/* End PBXNativeTarget section */

/* Begin PBXProject section */
		3AD3ED8A20EBD8F3008D28BF /* Project object */ = {
			isa = PBXProject;
			attributes = {
				LastUpgradeCheck = 1130;
				ORGANIZATIONNAME = Anthony;
				TargetAttributes = {
					3AD3ED9120EBD8F3008D28BF = {
						CreatedOnToolsVersion = 9.4.1;
					};
				};
			};
			buildConfigurationList = 3AD3ED8D20EBD8F3008D28BF /* Build configuration list for PBXProject "C++ Primer Plus Exercises" */;
			compatibilityVersion = "Xcode 9.3";
			developmentRegion = en;
			hasScannedForEncodings = 0;
			knownRegions = (
				en,
			);
			mainGroup = 3AD3ED8920EBD8F3008D28BF;
			productRefGroup = 3AD3ED9320EBD8F3008D28BF /* Products */;
			projectDirPath = "";
			projectRoot = "";
			targets = (
				3AD3ED9120EBD8F3008D28BF /* C++ Primer Plus Exercises */,
			);
		};
/* End PBXProject section */

/* Begin PBXSourcesBuildPhase section */
		3AD3ED8E20EBD8F3008D28BF /* Sources */ = {
			isa = PBXSourcesBuildPhase;
			buildActionMask = 2147483647;
			files = (
				3AD7AEB6222841C800ABD60C /* 1204.cpp in Sources */,
				3AF5FDDC2188B3AC009EDC30 /* 805.cpp in Sources */,
				3AF25BD5216E41150044A953 /* 704.cpp in Sources */,
				3A66E6C52204A0A700C701AF /* 1107.cpp in Sources */,
				3AD6B01621A30EE800A344EA /* Sales904.cpp in Sources */,
				3A24FC1E21BEA7DB00EB1EB2 /* LinkedList01.cpp in Sources */,
				3A24FC1C21BEA7C800EB1EB2 /* LinkedListType01.cpp in Sources */,
				3AF5FDDF2188B6B7009EDC30 /* 806.cpp in Sources */,
				3A2053BA22CB79560003B4E5 /* CardType1404.cpp in Sources */,
				3A39D03C220345400036828D /* 1103.cpp in Sources */,
				3AAA6E4A2264D223005D3FAC /* 1304.cpp in Sources */,
				3ABBA71A22CE30C900333B2C /* EmployeeType1405.cpp in Sources */,
				3AF5FDD0218897CD009EDC30 /* 801.cpp in Sources */,
				3A3B18EB22C3DB8200CA67A4 /* WineType1402.cpp in Sources */,
				3ADA7BE1222957A700F8064F /* Customer1200.cpp in Sources */,
				3A3DC37C2260E5BB00A05771 /* cd1302.cpp in Sources */,
				3AAA415D215BB0CB00BBB074 /* 604.cpp in Sources */,
				3A4333AB22009BAF00F5A756 /* Vector1101.cpp in Sources */,
				3ABBA71C22CE385E00333B2C /* 1405.cpp in Sources */,
				3A66E6C32204A09D00C701AF /* Complex1107.cpp in Sources */,
				3A6132662260CC0600569D33 /* 1301.cpp in Sources */,
				3ADA7BE52229595900F8064F /* Queue1200.cpp in Sources */,
				3A2FC6B321B59B5400EEE2FE /* 1002.cpp in Sources */,
				3AF5FDD321889D30009EDC30 /* 802.cpp in Sources */,
				3A49E85121B7E211004CC9C7 /* Plorg.cpp in Sources */,
				3A39D03422033C760036828D /* Vector1102.cpp in Sources */,
				3AF25BDB216E56AF0044A953 /* 706.cpp in Sources */,
				3ADA52DF2226CE8800F12BE9 /* String1202.cpp in Sources */,
				3A49E85721B8009A004CC9C7 /* SimpleListA.cpp in Sources */,
				3A7C1A9A21B6E480005FA9F3 /* Move1006.cpp in Sources */,
				3A6132642260CBBF00569D33 /* classic1301.cpp in Sources */,
				3A659816222694400059FFC0 /* Cow1201.cpp in Sources */,
				3A7C1A8921B69CB6005FA9F3 /* 1003.cpp in Sources */,
				3A4333AD22009BBE00F5A756 /* 1101.cpp in Sources */,
				3A7C1A8D21B6AFCD005FA9F3 /* Sales1004.cpp in Sources */,
				3A49E85321B7E792004CC9C7 /* 1007.cpp in Sources */,
				3A047DE8219EDE5600245EE1 /* 901.cpp in Sources */,
				3AD6B01821A30EF500A344EA /* 904.cpp in Sources */,
				3AE6D00622CBCECC00EB950D /* 1404.cpp in Sources */,
				3AC24B77226489DD005E48A6 /* DMA1303.cpp in Sources */,
				3A2053BD22CB844D0003B4E5 /* PersonType1404.cpp in Sources */,
				3A49E85D21B818AD004CC9C7 /* SimpleListB.cpp in Sources */,
				3A66E6B9220468A000C701AF /* 1105.cpp in Sources */,
				3ADA52E72226E67F00F12BE9 /* 1203.cpp in Sources */,
				3AD3ED9620EBD8F3008D28BF /* main.cpp in Sources */,
				3A3B18ED22C3DD1800CA67A4 /* 1402.cpp in Sources */,
				3A49E85921B809EE004CC9C7 /* 1008a.cpp in Sources */,
				3AC24B792264A4B3005E48A6 /* 1303.cpp in Sources */,
				3AF5FDD92188AA9A009EDC30 /* 804.cpp in Sources */,
				3A3DC3812260E5D600A05771 /* 1302.cpp in Sources */,
				3AC393C4216F95B100723A1B /* 709.cpp in Sources */,
				3A39D03622033C7F0036828D /* 1102.cpp in Sources */,
				3A4E1AB3215E382B00F9AEB3 /* ReadToVector01.cpp in Sources */,
				3A66E6BF22047C0B00C701AF /* 1106.cpp in Sources */,
				3A39D040220352180036828D /* Time1104.cpp in Sources */,
				3AD6B00E21A2F8F500A344EA /* 902.cpp in Sources */,
				3A39D03A220345360036828D /* Vector1103.cpp in Sources */,
				3AF25BCF216E28C50044A953 /* 702.cpp in Sources */,
				3AAA6E482264C943005D3FAC /* VintagePort1304.cpp in Sources */,
				3ADA52E52226E58300F12BE9 /* Stock1203.cpp in Sources */,
				3A6132612260C90A00569D33 /* cd1301.cpp in Sources */,
				3A047DEB219EDE6500245EE1 /* golf901.cpp in Sources */,
				3A0C224022C4F8E6006D5743 /* 1403.cpp in Sources */,
				3AC393C7216FAB5200723A1B /* 710.cpp in Sources */,
				3ADA52E12226D1AA00F12BE9 /* 1202.cpp in Sources */,
				3A78C6C4216F840A00549680 /* 707.cpp in Sources */,
				3A0C224322C500EB006D5743 /* WorkerType1403.cpp in Sources */,
				3A66E6BD22047BFD00C701AF /* Stonewt1106.cpp in Sources */,
				3A39D042220352210036828D /* 1104.cpp in Sources */,
				3AF5FDD62188A237009EDC30 /* 803.cpp in Sources */,
				3AF25BCC216E23E10044A953 /* 701.cpp in Sources */,
				3A656D6822C3B35900C12A47 /* 1401.cpp in Sources */,
				3A7C1A9321B6CE0B005FA9F3 /* Stack1005.cpp in Sources */,
				3AD1F351215A81F0004CFE88 /* 601.cpp in Sources */,
				3A83BFA02228359500938104 /* Stack1204.cpp in Sources */,
				3AD6B01121A2FDA500A344EA /* 903.cpp in Sources */,
				3A2FC6AB21B5837900EEE2FE /* BankAccount1001.cpp in Sources */,
				3A9C17AF216F8B8100F99D49 /* 708a.cpp in Sources */,
				3A7C1A9C21B6E6CC005FA9F3 /* 1006.cpp in Sources */,
				3ADA7BE92229946D00F8064F /* 1205b.cpp in Sources */,
				3AAA4160215BE02B00BBB074 /* 607.cpp in Sources */,
				3A49E85F21B82FE2004CC9C7 /* 1008b.cpp in Sources */,
				3AF25BD2216E35C60044A953 /* 703.cpp in Sources */,
				3A7C1A8F21B6BF36005FA9F3 /* 1004.cpp in Sources */,
				3AAA6E452264C6AE005D3FAC /* Port1304.cpp in Sources */,
				3A2FC6B121B5975200EEE2FE /* Person1002.cpp in Sources */,
				3A2FC6AD21B5896800EEE2FE /* 1001.cpp in Sources */,
				3AF5FDE22188BD10009EDC30 /* 807.cpp in Sources */,
				3A3DC37F2260E5CC00A05771 /* classic1302.cpp in Sources */,
				3AF25BD8216E48F10044A953 /* 705.cpp in Sources */,
				3AC393C1216F8DE800723A1B /* 708b.cpp in Sources */,
				3ADA7BE722295AB400F8064F /* 1205a.cpp in Sources */,
				3A7C1A8721B69579005FA9F3 /* golf1003.cpp in Sources */,
				3A3B18E622C3B8DE00CA67A4 /* WineType1401.cpp in Sources */,
				3A5CC580215FDA6200FA308F /* CaesarCipher01.cpp in Sources */,
				3A6598182226BAF90059FFC0 /* 1201.cpp in Sources */,
				3A66E6B72204689600C701AF /* Stonewt1105.cpp in Sources */,
				3A7C1A9621B6CEF6005FA9F3 /* 1005.cpp in Sources */,
				3ABF8473222D470C00A5C506 /* 1206.cpp in Sources */,
			);
			runOnlyForDeploymentPostprocessing = 0;
		};
/* End PBXSourcesBuildPhase section */

/* Begin XCBuildConfiguration section */
		3AD3ED9720EBD8F3008D28BF /* Debug */ = {
			isa = XCBuildConfiguration;
			buildSettings = {
				ALWAYS_SEARCH_USER_PATHS = NO;
				CLANG_ANALYZER_NONNULL = YES;
				CLANG_ANALYZER_NUMBER_OBJECT_CONVERSION = YES_AGGRESSIVE;
				CLANG_CXX_LANGUAGE_STANDARD = "gnu++14";
				CLANG_CXX_LIBRARY = "libc++";
				CLANG_ENABLE_MODULES = YES;
				CLANG_ENABLE_OBJC_ARC = YES;
				CLANG_ENABLE_OBJC_WEAK = YES;
				CLANG_WARN_BLOCK_CAPTURE_AUTORELEASING = YES;
				CLANG_WARN_BOOL_CONVERSION = YES;
				CLANG_WARN_COMMA = YES;
				CLANG_WARN_CONSTANT_CONVERSION = YES;
				CLANG_WARN_DEPRECATED_OBJC_IMPLEMENTATIONS = YES;
				CLANG_WARN_DIRECT_OBJC_ISA_USAGE = YES_ERROR;
				CLANG_WARN_DOCUMENTATION_COMMENTS = YES;
				CLANG_WARN_EMPTY_BODY = YES;
				CLANG_WARN_ENUM_CONVERSION = YES;
				CLANG_WARN_INFINITE_RECURSION = YES;
				CLANG_WARN_INT_CONVERSION = YES;
				CLANG_WARN_NON_LITERAL_NULL_CONVERSION = YES;
				CLANG_WARN_OBJC_IMPLICIT_RETAIN_SELF = YES;
				CLANG_WARN_OBJC_LITERAL_CONVERSION = YES;
				CLANG_WARN_OBJC_ROOT_CLASS = YES_ERROR;
				CLANG_WARN_RANGE_LOOP_ANALYSIS = YES;
				CLANG_WARN_STRICT_PROTOTYPES = YES;
				CLANG_WARN_SUSPICIOUS_MOVE = YES;
				CLANG_WARN_UNGUARDED_AVAILABILITY = YES_AGGRESSIVE;
				CLANG_WARN_UNREACHABLE_CODE = YES;
				CLANG_WARN__DUPLICATE_METHOD_MATCH = YES;
				CODE_SIGN_IDENTITY = "-";
				COPY_PHASE_STRIP = NO;
				DEBUG_INFORMATION_FORMAT = dwarf;
				ENABLE_STRICT_OBJC_MSGSEND = YES;
				ENABLE_TESTABILITY = YES;
				GCC_C_LANGUAGE_STANDARD = gnu11;
				GCC_DYNAMIC_NO_PIC = NO;
				GCC_NO_COMMON_BLOCKS = YES;
				GCC_OPTIMIZATION_LEVEL = 0;
				GCC_PREPROCESSOR_DEFINITIONS = (
					"DEBUG=1",
					"$(inherited)",
				);
				GCC_WARN_64_TO_32_BIT_CONVERSION = YES;
				GCC_WARN_ABOUT_RETURN_TYPE = YES_ERROR;
				GCC_WARN_UNDECLARED_SELECTOR = YES;
				GCC_WARN_UNINITIALIZED_AUTOS = YES_AGGRESSIVE;
				GCC_WARN_UNUSED_FUNCTION = YES;
				GCC_WARN_UNUSED_VARIABLE = YES;
				MACOSX_DEPLOYMENT_TARGET = 10.13;
				MTL_ENABLE_DEBUG_INFO = YES;
				ONLY_ACTIVE_ARCH = YES;
				SDKROOT = macosx;
			};
			name = Debug;
		};
		3AD3ED9820EBD8F3008D28BF /* Release */ = {
			isa = XCBuildConfiguration;
			buildSettings = {
				ALWAYS_SEARCH_USER_PATHS = NO;
				CLANG_ANALYZER_NONNULL = YES;
				CLANG_ANALYZER_NUMBER_OBJECT_CONVERSION = YES_AGGRESSIVE;
				CLANG_CXX_LANGUAGE_STANDARD = "gnu++14";
				CLANG_CXX_LIBRARY = "libc++";
				CLANG_ENABLE_MODULES = YES;
				CLANG_ENABLE_OBJC_ARC = YES;
				CLANG_ENABLE_OBJC_WEAK = YES;
				CLANG_WARN_BLOCK_CAPTURE_AUTORELEASING = YES;
				CLANG_WARN_BOOL_CONVERSION = YES;
				CLANG_WARN_COMMA = YES;
				CLANG_WARN_CONSTANT_CONVERSION = YES;
				CLANG_WARN_DEPRECATED_OBJC_IMPLEMENTATIONS = YES;
				CLANG_WARN_DIRECT_OBJC_ISA_USAGE = YES_ERROR;
				CLANG_WARN_DOCUMENTATION_COMMENTS = YES;
				CLANG_WARN_EMPTY_BODY = YES;
				CLANG_WARN_ENUM_CONVERSION = YES;
				CLANG_WARN_INFINITE_RECURSION = YES;
				CLANG_WARN_INT_CONVERSION = YES;
				CLANG_WARN_NON_LITERAL_NULL_CONVERSION = YES;
				CLANG_WARN_OBJC_IMPLICIT_RETAIN_SELF = YES;
				CLANG_WARN_OBJC_LITERAL_CONVERSION = YES;
				CLANG_WARN_OBJC_ROOT_CLASS = YES_ERROR;
				CLANG_WARN_RANGE_LOOP_ANALYSIS = YES;
				CLANG_WARN_STRICT_PROTOTYPES = YES;
				CLANG_WARN_SUSPICIOUS_MOVE = YES;
				CLANG_WARN_UNGUARDED_AVAILABILITY = YES_AGGRESSIVE;
				CLANG_WARN_UNREACHABLE_CODE = YES;
				CLANG_WARN__DUPLICATE_METHOD_MATCH = YES;
				CODE_SIGN_IDENTITY = "-";
				COPY_PHASE_STRIP = NO;
				DEBUG_INFORMATION_FORMAT = "dwarf-with-dsym";
				ENABLE_NS_ASSERTIONS = NO;
				ENABLE_STRICT_OBJC_MSGSEND = YES;
				GCC_C_LANGUAGE_STANDARD = gnu11;
				GCC_NO_COMMON_BLOCKS = YES;
				GCC_WARN_64_TO_32_BIT_CONVERSION = YES;
				GCC_WARN_ABOUT_RETURN_TYPE = YES_ERROR;
				GCC_WARN_UNDECLARED_SELECTOR = YES;
				GCC_WARN_UNINITIALIZED_AUTOS = YES_AGGRESSIVE;
				GCC_WARN_UNUSED_FUNCTION = YES;
				GCC_WARN_UNUSED_VARIABLE = YES;
				MACOSX_DEPLOYMENT_TARGET = 10.13;
				MTL_ENABLE_DEBUG_INFO = NO;
				SDKROOT = macosx;
			};
			name = Release;
		};
		3AD3ED9A20EBD8F3008D28BF /* Debug */ = {
			isa = XCBuildConfiguration;
			buildSettings = {
				CODE_SIGN_STYLE = Automatic;
				PRODUCT_NAME = "$(TARGET_NAME)";
			};
			name = Debug;
		};
		3AD3ED9B20EBD8F3008D28BF /* Release */ = {
			isa = XCBuildConfiguration;
			buildSettings = {
				CODE_SIGN_STYLE = Automatic;
				PRODUCT_NAME = "$(TARGET_NAME)";
			};
			name = Release;
		};
/* End XCBuildConfiguration section */

/* Begin XCConfigurationList section */
		3AD3ED8D20EBD8F3008D28BF /* Build configuration list for PBXProject "C++ Primer Plus Exercises" */ = {
			isa = XCConfigurationList;
			buildConfigurations = (
				3AD3ED9720EBD8F3008D28BF /* Debug */,
				3AD3ED9820EBD8F3008D28BF /* Release */,
			);
			defaultConfigurationIsVisible = 0;
			defaultConfigurationName = Release;
		};
		3AD3ED9920EBD8F3008D28BF /* Build configuration list for PBXNativeTarget "C++ Primer Plus Exercises" */ = {
			isa = XCConfigurationList;
			buildConfigurations = (
				3AD3ED9A20EBD8F3008D28BF /* Debug */,
				3AD3ED9B20EBD8F3008D28BF /* Release */,
			);
			defaultConfigurationIsVisible = 0;
			defaultConfigurationName = Release;
		};
/* End XCConfigurationList section */
	};
	rootObject = 3AD3ED8A20EBD8F3008D28BF /* Project object */;
}
